// !$*UTF8*$!
{
	archiveVersion = 1;
	classes = {
	};
	objectVersion = 46;
	objects = {

/* Begin PBXBuildFile section */
		3163B4251C2AE72900BA8BA0 /* ZMHTableViewController.m in Sources */ = {isa = PBXBuildFile; fileRef = 3163B4241C2AE72900BA8BA0 /* ZMHTableViewController.m */; };
		318102001C2D1BFE00CEA734 /* ZMHWeiboTabBar.m in Sources */ = {isa = PBXBuildFile; fileRef = 318101FF1C2D1BFE00CEA734 /* ZMHWeiboTabBar.m */; };
		318102051C2D460000CEA734 /* Images.xcassets in Resources */ = {isa = PBXBuildFile; fileRef = 318102041C2D460000CEA734 /* Images.xcassets */; };
		31A2F8D11C2FB6A6000165AB /* ZMHAccountTool.m in Sources */ = {isa = PBXBuildFile; fileRef = 31A2F8D01C2FB6A6000165AB /* ZMHAccountTool.m */; };
		31A2F8D61C2FBAE0000165AB /* ZMHAccount.m in Sources */ = {isa = PBXBuildFile; fileRef = 31A2F8D51C2FBAE0000165AB /* ZMHAccount.m */; };
		31A2F8D91C2FBC39000165AB /* ZMHAccountParam.m in Sources */ = {isa = PBXBuildFile; fileRef = 31A2F8D81C2FBC39000165AB /* ZMHAccountParam.m */; };
		31A2F8EA1C2FC6D2000165AB /* MJConst.m in Sources */ = {isa = PBXBuildFile; fileRef = 31A2F8DB1C2FC6D2000165AB /* MJConst.m */; };
		31A2F8EB1C2FC6D2000165AB /* MJFoundation.m in Sources */ = {isa = PBXBuildFile; fileRef = 31A2F8DE1C2FC6D2000165AB /* MJFoundation.m */; };
		31A2F8EC1C2FC6D2000165AB /* MJIvar.m in Sources */ = {isa = PBXBuildFile; fileRef = 31A2F8E01C2FC6D2000165AB /* MJIvar.m */; };
		31A2F8ED1C2FC6D2000165AB /* MJType.m in Sources */ = {isa = PBXBuildFile; fileRef = 31A2F8E21C2FC6D2000165AB /* MJType.m */; };
		31A2F8EE1C2FC6D2000165AB /* NSObject+MJCoding.m in Sources */ = {isa = PBXBuildFile; fileRef = 31A2F8E41C2FC6D2000165AB /* NSObject+MJCoding.m */; };
		31A2F8EF1C2FC6D2000165AB /* NSObject+MJIvar.m in Sources */ = {isa = PBXBuildFile; fileRef = 31A2F8E61C2FC6D2000165AB /* NSObject+MJIvar.m */; };
		31A2F8F01C2FC6D2000165AB /* NSObject+MJKeyValue.m in Sources */ = {isa = PBXBuildFile; fileRef = 31A2F8E81C2FC6D2000165AB /* NSObject+MJKeyValue.m */; };
		31BF29DB1C3274CC00450DCA /* ZMHOAuthViewController.m in Sources */ = {isa = PBXBuildFile; fileRef = 31BF29DA1C3274CC00450DCA /* ZMHOAuthViewController.m */; };
		31C6B9A41C3276B00073D3D6 /* MBProgressHUD+MJ.m in Sources */ = {isa = PBXBuildFile; fileRef = 31C6B9A01C3276B00073D3D6 /* MBProgressHUD+MJ.m */; };
		31C6B9A51C3276B00073D3D6 /* MBProgressHUD.bundle in Resources */ = {isa = PBXBuildFile; fileRef = 31C6B9A11C3276B00073D3D6 /* MBProgressHUD.bundle */; };
		31C6B9A61C3276B00073D3D6 /* MBProgressHUD.m in Sources */ = {isa = PBXBuildFile; fileRef = 31C6B9A31C3276B00073D3D6 /* MBProgressHUD.m */; };
		31C8813A1C33D719004E5292 /* ZMHOneViewController.m in Sources */ = {isa = PBXBuildFile; fileRef = 31C881391C33D719004E5292 /* ZMHOneViewController.m */; };
		31C8813D1C33D7FF004E5292 /* ZMHCover.m in Sources */ = {isa = PBXBuildFile; fileRef = 31C8813C1C33D7FF004E5292 /* ZMHCover.m */; };
		31C8814F1C33DC60004E5292 /* MJRefresh.bundle in Resources */ = {isa = PBXBuildFile; fileRef = 31C8813F1C33DC60004E5292 /* MJRefresh.bundle */; };
		31C881501C33DC60004E5292 /* MJRefreshBaseView.m in Sources */ = {isa = PBXBuildFile; fileRef = 31C881421C33DC60004E5292 /* MJRefreshBaseView.m */; };
		31C881511C33DC60004E5292 /* MJRefreshConst.m in Sources */ = {isa = PBXBuildFile; fileRef = 31C881441C33DC60004E5292 /* MJRefreshConst.m */; };
		31C881521C33DC60004E5292 /* MJRefreshFooterView.m in Sources */ = {isa = PBXBuildFile; fileRef = 31C881461C33DC60004E5292 /* MJRefreshFooterView.m */; };
		31C881531C33DC60004E5292 /* MJRefreshHeaderView.m in Sources */ = {isa = PBXBuildFile; fileRef = 31C881481C33DC60004E5292 /* MJRefreshHeaderView.m */; };
		31C881541C33DC60004E5292 /* UIScrollView+MJExtension.m in Sources */ = {isa = PBXBuildFile; fileRef = 31C8814A1C33DC60004E5292 /* UIScrollView+MJExtension.m */; };
		31C881551C33DC60004E5292 /* UIScrollView+MJRefresh.m in Sources */ = {isa = PBXBuildFile; fileRef = 31C8814C1C33DC60004E5292 /* UIScrollView+MJRefresh.m */; };
		31C881561C33DC60004E5292 /* UIView+MJExtension.m in Sources */ = {isa = PBXBuildFile; fileRef = 31C8814E1C33DC60004E5292 /* UIView+MJExtension.m */; };
		31C881591C33DE3D004E5292 /* ZMHTitleButton.m in Sources */ = {isa = PBXBuildFile; fileRef = 31C881581C33DE3D004E5292 /* ZMHTitleButton.m */; };
		31C8815C1C33DFB2004E5292 /* ZMHUserTool.m in Sources */ = {isa = PBXBuildFile; fileRef = 31C8815B1C33DFB2004E5292 /* ZMHUserTool.m */; };
		31C8815F1C33E02F004E5292 /* ZMHUser.m in Sources */ = {isa = PBXBuildFile; fileRef = 31C8815E1C33E02F004E5292 /* ZMHUser.m */; };
		31C881621C33E059004E5292 /* ZMHUserResult.m in Sources */ = {isa = PBXBuildFile; fileRef = 31C881611C33E059004E5292 /* ZMHUserResult.m */; };
		31C881651C33E306004E5292 /* ZMHUserParam.m in Sources */ = {isa = PBXBuildFile; fileRef = 31C881641C33E306004E5292 /* ZMHUserParam.m */; };
		31C881681C33FE12004E5292 /* ZMHStatusTool.m in Sources */ = {isa = PBXBuildFile; fileRef = 31C881671C33FE12004E5292 /* ZMHStatusTool.m */; };
		31C8816B1C33FEC4004E5292 /* ZMHStatusParam.m in Sources */ = {isa = PBXBuildFile; fileRef = 31C8816A1C33FEC4004E5292 /* ZMHStatusParam.m */; };
		31C8816E1C340A72004E5292 /* ZMHStatus.m in Sources */ = {isa = PBXBuildFile; fileRef = 31C8816D1C340A72004E5292 /* ZMHStatus.m */; };
		31C881721C340BCE004E5292 /* ZMHPhoto.m in Sources */ = {isa = PBXBuildFile; fileRef = 31C881711C340BCE004E5292 /* ZMHPhoto.m */; };
		31C881751C340DD5004E5292 /* ZMHStatusResult.m in Sources */ = {isa = PBXBuildFile; fileRef = 31C881741C340DD5004E5292 /* ZMHStatusResult.m */; };
		31C881781C340F3B004E5292 /* ZMHStatusFrame.m in Sources */ = {isa = PBXBuildFile; fileRef = 31C881771C340F3B004E5292 /* ZMHStatusFrame.m */; };
		31C8817B1C3412AE004E5292 /* UIBarButton+Item.m in Sources */ = {isa = PBXBuildFile; fileRef = 31C8817A1C3412AE004E5292 /* UIBarButton+Item.m */; };
		31C8817E1C341496004E5292 /* ZMHPopMenu.m in Sources */ = {isa = PBXBuildFile; fileRef = 31C8817D1C341496004E5292 /* ZMHPopMenu.m */; };
		31C881811C341504004E5292 /* UIView+Frame.m in Sources */ = {isa = PBXBuildFile; fileRef = 31C881801C341504004E5292 /* UIView+Frame.m */; };
		31C881841C341588004E5292 /* UIImage+Image.m in Sources */ = {isa = PBXBuildFile; fileRef = 31C881831C341588004E5292 /* UIImage+Image.m */; };
		31C881871C34175F004E5292 /* ZMHStatusCell.m in Sources */ = {isa = PBXBuildFile; fileRef = 31C881861C34175F004E5292 /* ZMHStatusCell.m */; };
		31C8818A1C34180B004E5292 /* ZMHOriginalView.m in Sources */ = {isa = PBXBuildFile; fileRef = 31C881891C34180B004E5292 /* ZMHOriginalView.m */; };
		31C881AD1C3418BF004E5292 /* MKAnnotationView+WebCache.m in Sources */ = {isa = PBXBuildFile; fileRef = 31C8818D1C3418BF004E5292 /* MKAnnotationView+WebCache.m */; };
		31C881AE1C3418BF004E5292 /* NSData+ImageContentType.m in Sources */ = {isa = PBXBuildFile; fileRef = 31C8818F1C3418BF004E5292 /* NSData+ImageContentType.m */; };
		31C881AF1C3418BF004E5292 /* SDImageCache.m in Sources */ = {isa = PBXBuildFile; fileRef = 31C881911C3418BF004E5292 /* SDImageCache.m */; };
		31C881B01C3418BF004E5292 /* SDWebImageCompat.m in Sources */ = {isa = PBXBuildFile; fileRef = 31C881931C3418BF004E5292 /* SDWebImageCompat.m */; };
		31C881B11C3418BF004E5292 /* SDWebImageDecoder.m in Sources */ = {isa = PBXBuildFile; fileRef = 31C881951C3418BF004E5292 /* SDWebImageDecoder.m */; };
		31C881B21C3418BF004E5292 /* SDWebImageDownloader.m in Sources */ = {isa = PBXBuildFile; fileRef = 31C881971C3418BF004E5292 /* SDWebImageDownloader.m */; };
		31C881B31C3418BF004E5292 /* SDWebImageDownloaderOperation.m in Sources */ = {isa = PBXBuildFile; fileRef = 31C881991C3418BF004E5292 /* SDWebImageDownloaderOperation.m */; };
		31C881B41C3418BF004E5292 /* SDWebImageManager.m in Sources */ = {isa = PBXBuildFile; fileRef = 31C8819B1C3418BF004E5292 /* SDWebImageManager.m */; };
		31C881B51C3418BF004E5292 /* SDWebImagePrefetcher.m in Sources */ = {isa = PBXBuildFile; fileRef = 31C8819E1C3418BF004E5292 /* SDWebImagePrefetcher.m */; };
		31C881B61C3418BF004E5292 /* UIButton+WebCache.m in Sources */ = {isa = PBXBuildFile; fileRef = 31C881A01C3418BF004E5292 /* UIButton+WebCache.m */; };
		31C881B71C3418BF004E5292 /* UIImage+GIF.m in Sources */ = {isa = PBXBuildFile; fileRef = 31C881A21C3418BF004E5292 /* UIImage+GIF.m */; };
		31C881B81C3418BF004E5292 /* UIImage+MultiFormat.m in Sources */ = {isa = PBXBuildFile; fileRef = 31C881A41C3418BF004E5292 /* UIImage+MultiFormat.m */; };
		31C881B91C3418BF004E5292 /* UIImage+WebP.m in Sources */ = {isa = PBXBuildFile; fileRef = 31C881A61C3418BF004E5292 /* UIImage+WebP.m */; };
		31C881BA1C3418BF004E5292 /* UIImageView+HighlightedWebCache.m in Sources */ = {isa = PBXBuildFile; fileRef = 31C881A81C3418BF004E5292 /* UIImageView+HighlightedWebCache.m */; };
		31C881BB1C3418BF004E5292 /* UIImageView+WebCache.m in Sources */ = {isa = PBXBuildFile; fileRef = 31C881AA1C3418BF004E5292 /* UIImageView+WebCache.m */; };
		31C881BC1C3418BF004E5292 /* UIView+WebCacheOperation.m in Sources */ = {isa = PBXBuildFile; fileRef = 31C881AC1C3418BF004E5292 /* UIView+WebCacheOperation.m */; };
		31C881BF1C34192F004E5292 /* ZMHPhotosView.m in Sources */ = {isa = PBXBuildFile; fileRef = 31C881BE1C34192F004E5292 /* ZMHPhotosView.m */; };
		31C881C21C3419F2004E5292 /* ZMHPhotoView.m in Sources */ = {isa = PBXBuildFile; fileRef = 31C881C11C3419F2004E5292 /* ZMHPhotoView.m */; };
		31C881D31C341B18004E5292 /* MJPhoto.m in Sources */ = {isa = PBXBuildFile; fileRef = 31C881C51C341B18004E5292 /* MJPhoto.m */; };
		31C881D41C341B18004E5292 /* MJPhotoBrowser.bundle in Resources */ = {isa = PBXBuildFile; fileRef = 31C881C61C341B18004E5292 /* MJPhotoBrowser.bundle */; };
		31C881D51C341B18004E5292 /* MJPhotoBrowser.m in Sources */ = {isa = PBXBuildFile; fileRef = 31C881C81C341B18004E5292 /* MJPhotoBrowser.m */; };
		31C881D61C341B18004E5292 /* MJPhotoLoadingView.m in Sources */ = {isa = PBXBuildFile; fileRef = 31C881CA1C341B18004E5292 /* MJPhotoLoadingView.m */; };
		31C881D71C341B18004E5292 /* MJPhotoProgressView.m in Sources */ = {isa = PBXBuildFile; fileRef = 31C881CC1C341B18004E5292 /* MJPhotoProgressView.m */; };
		31C881D81C341B18004E5292 /* MJPhotoToolbar.m in Sources */ = {isa = PBXBuildFile; fileRef = 31C881CE1C341B18004E5292 /* MJPhotoToolbar.m */; };
		31C881D91C341B18004E5292 /* MJPhotoView.m in Sources */ = {isa = PBXBuildFile; fileRef = 31C881D01C341B18004E5292 /* MJPhotoView.m */; };
		31C881DA1C341B18004E5292 /* SDWebImageManager+MJ.m in Sources */ = {isa = PBXBuildFile; fileRef = 31C881D21C341B18004E5292 /* SDWebImageManager+MJ.m */; };
		31C881DE1C342173004E5292 /* ZMHRetweetView.m in Sources */ = {isa = PBXBuildFile; fileRef = 31C881DD1C342173004E5292 /* ZMHRetweetView.m */; };
		31C881E11C3422C5004E5292 /* ZMHStatusToolBar.m in Sources */ = {isa = PBXBuildFile; fileRef = 31C881E01C3422C5004E5292 /* ZMHStatusToolBar.m */; };
		31C881E91C34B695004E5292 /* ZMHTabBarController.m in Sources */ = {isa = PBXBuildFile; fileRef = 31C881E61C34B695004E5292 /* ZMHTabBarController.m */; };
		31C881EA1C34B695004E5292 /* ZMHNavigationController.m in Sources */ = {isa = PBXBuildFile; fileRef = 31C881E81C34B695004E5292 /* ZMHNavigationController.m */; };
		31C881F11C34B6E8004E5292 /* ZMHTabBar.m in Sources */ = {isa = PBXBuildFile; fileRef = 31C881EC1C34B6E8004E5292 /* ZMHTabBar.m */; };
		31C881F21C34B6E8004E5292 /* ZMHTabBarButton.m in Sources */ = {isa = PBXBuildFile; fileRef = 31C881EE1C34B6E8004E5292 /* ZMHTabBarButton.m */; };
		31C881F31C34B6E8004E5292 /* ZMHBadgeView.m in Sources */ = {isa = PBXBuildFile; fileRef = 31C881F01C34B6E8004E5292 /* ZMHBadgeView.m */; };
		31C881F51C34D3F5004E5292 /* NSDate+MJ.m in Sources */ = {isa = PBXBuildFile; fileRef = 31C881F41C34D3F5004E5292 /* NSDate+MJ.m */; };
		31D512F31C2E8291009E5C21 /* ZMHHomeViewController.m in Sources */ = {isa = PBXBuildFile; fileRef = 31D512F21C2E8291009E5C21 /* ZMHHomeViewController.m */; };
		31D512F61C2E82B6009E5C21 /* ZMHMessageViewController.m in Sources */ = {isa = PBXBuildFile; fileRef = 31D512F51C2E82B6009E5C21 /* ZMHMessageViewController.m */; };
		31D512FA1C2E8320009E5C21 /* ZMHDiscoverController.m in Sources */ = {isa = PBXBuildFile; fileRef = 31D512F91C2E8320009E5C21 /* ZMHDiscoverController.m */; };
		31D512FD1C2E8349009E5C21 /* ZMHProfileViewController.m in Sources */ = {isa = PBXBuildFile; fileRef = 31D512FC1C2E8349009E5C21 /* ZMHProfileViewController.m */; };
		31D513011C2ECE74009E5C21 /* ZMHWeiboTool.m in Sources */ = {isa = PBXBuildFile; fileRef = 31D513001C2ECE74009E5C21 /* ZMHWeiboTool.m */; };
		31D513261C2ED094009E5C21 /* AFHTTPSessionManager.m in Sources */ = {isa = PBXBuildFile; fileRef = 31D513051C2ED094009E5C21 /* AFHTTPSessionManager.m */; };
		31D513271C2ED094009E5C21 /* AFNetworkReachabilityManager.m in Sources */ = {isa = PBXBuildFile; fileRef = 31D513081C2ED094009E5C21 /* AFNetworkReachabilityManager.m */; };
		31D513281C2ED094009E5C21 /* AFSecurityPolicy.m in Sources */ = {isa = PBXBuildFile; fileRef = 31D5130A1C2ED094009E5C21 /* AFSecurityPolicy.m */; };
		31D513291C2ED094009E5C21 /* AFURLRequestSerialization.m in Sources */ = {isa = PBXBuildFile; fileRef = 31D5130C1C2ED094009E5C21 /* AFURLRequestSerialization.m */; };
		31D5132A1C2ED094009E5C21 /* AFURLResponseSerialization.m in Sources */ = {isa = PBXBuildFile; fileRef = 31D5130E1C2ED094009E5C21 /* AFURLResponseSerialization.m */; };
		31D5132B1C2ED094009E5C21 /* AFURLSessionManager.m in Sources */ = {isa = PBXBuildFile; fileRef = 31D513101C2ED094009E5C21 /* AFURLSessionManager.m */; };
		31D5132C1C2ED094009E5C21 /* AFAutoPurgingImageCache.m in Sources */ = {isa = PBXBuildFile; fileRef = 31D513131C2ED094009E5C21 /* AFAutoPurgingImageCache.m */; };
		31D5132D1C2ED094009E5C21 /* AFImageDownloader.m in Sources */ = {isa = PBXBuildFile; fileRef = 31D513151C2ED094009E5C21 /* AFImageDownloader.m */; };
		31D5132E1C2ED094009E5C21 /* AFNetworkActivityIndicatorManager.m in Sources */ = {isa = PBXBuildFile; fileRef = 31D513171C2ED094009E5C21 /* AFNetworkActivityIndicatorManager.m */; };
		31D5132F1C2ED094009E5C21 /* UIActivityIndicatorView+AFNetworking.m in Sources */ = {isa = PBXBuildFile; fileRef = 31D513191C2ED094009E5C21 /* UIActivityIndicatorView+AFNetworking.m */; };
		31D513301C2ED094009E5C21 /* UIButton+AFNetworking.m in Sources */ = {isa = PBXBuildFile; fileRef = 31D5131B1C2ED094009E5C21 /* UIButton+AFNetworking.m */; };
		31D513311C2ED094009E5C21 /* UIImageView+AFNetworking.m in Sources */ = {isa = PBXBuildFile; fileRef = 31D5131E1C2ED094009E5C21 /* UIImageView+AFNetworking.m */; };
		31D513321C2ED094009E5C21 /* UIProgressView+AFNetworking.m in Sources */ = {isa = PBXBuildFile; fileRef = 31D513211C2ED094009E5C21 /* UIProgressView+AFNetworking.m */; };
		31D513331C2ED094009E5C21 /* UIRefreshControl+AFNetworking.m in Sources */ = {isa = PBXBuildFile; fileRef = 31D513231C2ED094009E5C21 /* UIRefreshControl+AFNetworking.m */; };
		31D513341C2ED094009E5C21 /* UIWebView+AFNetworking.m in Sources */ = {isa = PBXBuildFile; fileRef = 31D513251C2ED094009E5C21 /* UIWebView+AFNetworking.m */; };
		31F65ACF1C20107E00C9CC88 /* main.m in Sources */ = {isa = PBXBuildFile; fileRef = 31F65ACE1C20107E00C9CC88 /* main.m */; };
		31F65AD21C20107E00C9CC88 /* AppDelegate.m in Sources */ = {isa = PBXBuildFile; fileRef = 31F65AD11C20107E00C9CC88 /* AppDelegate.m */; };
		31F65ADA1C20107E00C9CC88 /* Assets.xcassets in Resources */ = {isa = PBXBuildFile; fileRef = 31F65AD91C20107E00C9CC88 /* Assets.xcassets */; };
		31F65ADD1C20107E00C9CC88 /* LaunchScreen.storyboard in Resources */ = {isa = PBXBuildFile; fileRef = 31F65ADB1C20107E00C9CC88 /* LaunchScreen.storyboard */; };
		31F65AE81C20107E00C9CC88 /* weibo_zimhyTests.m in Sources */ = {isa = PBXBuildFile; fileRef = 31F65AE71C20107E00C9CC88 /* weibo_zimhyTests.m */; };
		31F65AF31C20107E00C9CC88 /* weibo_zimhyUITests.m in Sources */ = {isa = PBXBuildFile; fileRef = 31F65AF21C20107E00C9CC88 /* weibo_zimhyUITests.m */; };
/* End PBXBuildFile section */

/* Begin PBXContainerItemProxy section */
		31F65AE41C20107E00C9CC88 /* PBXContainerItemProxy */ = {
			isa = PBXContainerItemProxy;
			containerPortal = 31F65AC21C20107E00C9CC88 /* Project object */;
			proxyType = 1;
			remoteGlobalIDString = 31F65AC91C20107E00C9CC88;
			remoteInfo = weibo_zimhy;
		};
		31F65AEF1C20107E00C9CC88 /* PBXContainerItemProxy */ = {
			isa = PBXContainerItemProxy;
			containerPortal = 31F65AC21C20107E00C9CC88 /* Project object */;
			proxyType = 1;
			remoteGlobalIDString = 31F65AC91C20107E00C9CC88;
			remoteInfo = weibo_zimhy;
		};
/* End PBXContainerItemProxy section */

/* Begin PBXFileReference section */
		3163B4231C2AE72900BA8BA0 /* ZMHTableViewController.h */ = {isa = PBXFileReference; fileEncoding = 4; lastKnownFileType = sourcecode.c.h; path = ZMHTableViewController.h; sourceTree = "<group>"; };
		3163B4241C2AE72900BA8BA0 /* ZMHTableViewController.m */ = {isa = PBXFileReference; fileEncoding = 4; lastKnownFileType = sourcecode.c.objc; path = ZMHTableViewController.m; sourceTree = "<group>"; };
		318101FE1C2D1BFE00CEA734 /* ZMHWeiboTabBar.h */ = {isa = PBXFileReference; fileEncoding = 4; lastKnownFileType = sourcecode.c.h; path = ZMHWeiboTabBar.h; sourceTree = "<group>"; };
		318101FF1C2D1BFE00CEA734 /* ZMHWeiboTabBar.m */ = {isa = PBXFileReference; fileEncoding = 4; lastKnownFileType = sourcecode.c.objc; path = ZMHWeiboTabBar.m; sourceTree = "<group>"; };
		318102041C2D460000CEA734 /* Images.xcassets */ = {isa = PBXFileReference; lastKnownFileType = folder.assetcatalog; path = Images.xcassets; sourceTree = "<group>"; };
		31A2F8CF1C2FB6A6000165AB /* ZMHAccountTool.h */ = {isa = PBXFileReference; fileEncoding = 4; lastKnownFileType = sourcecode.c.h; name = ZMHAccountTool.h; path = tool/ZMHAccountTool.h; sourceTree = "<group>"; };
		31A2F8D01C2FB6A6000165AB /* ZMHAccountTool.m */ = {isa = PBXFileReference; fileEncoding = 4; lastKnownFileType = sourcecode.c.objc; name = ZMHAccountTool.m; path = tool/ZMHAccountTool.m; sourceTree = "<group>"; };
		31A2F8D21C2FB72E000165AB /* CONFIG.h */ = {isa = PBXFileReference; lastKnownFileType = sourcecode.c.h; path = CONFIG.h; sourceTree = "<group>"; };
		31A2F8D41C2FBAE0000165AB /* ZMHAccount.h */ = {isa = PBXFileReference; fileEncoding = 4; lastKnownFileType = sourcecode.c.h; name = ZMHAccount.h; path = OAuth/ZMHAccount.h; sourceTree = "<group>"; };
		31A2F8D51C2FBAE0000165AB /* ZMHAccount.m */ = {isa = PBXFileReference; fileEncoding = 4; lastKnownFileType = sourcecode.c.objc; name = ZMHAccount.m; path = OAuth/ZMHAccount.m; sourceTree = "<group>"; };
		31A2F8D71C2FBC39000165AB /* ZMHAccountParam.h */ = {isa = PBXFileReference; fileEncoding = 4; lastKnownFileType = sourcecode.c.h; name = ZMHAccountParam.h; path = OAuth/ZMHAccountParam.h; sourceTree = "<group>"; };
		31A2F8D81C2FBC39000165AB /* ZMHAccountParam.m */ = {isa = PBXFileReference; fileEncoding = 4; lastKnownFileType = sourcecode.c.objc; name = ZMHAccountParam.m; path = OAuth/ZMHAccountParam.m; sourceTree = "<group>"; };
		31A2F8DA1C2FC6D2000165AB /* MJConst.h */ = {isa = PBXFileReference; fileEncoding = 4; lastKnownFileType = sourcecode.c.h; path = MJConst.h; sourceTree = "<group>"; };
		31A2F8DB1C2FC6D2000165AB /* MJConst.m */ = {isa = PBXFileReference; fileEncoding = 4; lastKnownFileType = sourcecode.c.objc; path = MJConst.m; sourceTree = "<group>"; };
		31A2F8DC1C2FC6D2000165AB /* MJExtension.h */ = {isa = PBXFileReference; fileEncoding = 4; lastKnownFileType = sourcecode.c.h; path = MJExtension.h; sourceTree = "<group>"; };
		31A2F8DD1C2FC6D2000165AB /* MJFoundation.h */ = {isa = PBXFileReference; fileEncoding = 4; lastKnownFileType = sourcecode.c.h; path = MJFoundation.h; sourceTree = "<group>"; };
		31A2F8DE1C2FC6D2000165AB /* MJFoundation.m */ = {isa = PBXFileReference; fileEncoding = 4; lastKnownFileType = sourcecode.c.objc; path = MJFoundation.m; sourceTree = "<group>"; };
		31A2F8DF1C2FC6D2000165AB /* MJIvar.h */ = {isa = PBXFileReference; fileEncoding = 4; lastKnownFileType = sourcecode.c.h; path = MJIvar.h; sourceTree = "<group>"; };
		31A2F8E01C2FC6D2000165AB /* MJIvar.m */ = {isa = PBXFileReference; fileEncoding = 4; lastKnownFileType = sourcecode.c.objc; path = MJIvar.m; sourceTree = "<group>"; };
		31A2F8E11C2FC6D2000165AB /* MJType.h */ = {isa = PBXFileReference; fileEncoding = 4; lastKnownFileType = sourcecode.c.h; path = MJType.h; sourceTree = "<group>"; };
		31A2F8E21C2FC6D2000165AB /* MJType.m */ = {isa = PBXFileReference; fileEncoding = 4; lastKnownFileType = sourcecode.c.objc; path = MJType.m; sourceTree = "<group>"; };
		31A2F8E31C2FC6D2000165AB /* NSObject+MJCoding.h */ = {isa = PBXFileReference; fileEncoding = 4; lastKnownFileType = sourcecode.c.h; path = "NSObject+MJCoding.h"; sourceTree = "<group>"; };
		31A2F8E41C2FC6D2000165AB /* NSObject+MJCoding.m */ = {isa = PBXFileReference; fileEncoding = 4; lastKnownFileType = sourcecode.c.objc; path = "NSObject+MJCoding.m"; sourceTree = "<group>"; };
		31A2F8E51C2FC6D2000165AB /* NSObject+MJIvar.h */ = {isa = PBXFileReference; fileEncoding = 4; lastKnownFileType = sourcecode.c.h; path = "NSObject+MJIvar.h"; sourceTree = "<group>"; };
		31A2F8E61C2FC6D2000165AB /* NSObject+MJIvar.m */ = {isa = PBXFileReference; fileEncoding = 4; lastKnownFileType = sourcecode.c.objc; path = "NSObject+MJIvar.m"; sourceTree = "<group>"; };
		31A2F8E71C2FC6D2000165AB /* NSObject+MJKeyValue.h */ = {isa = PBXFileReference; fileEncoding = 4; lastKnownFileType = sourcecode.c.h; path = "NSObject+MJKeyValue.h"; sourceTree = "<group>"; };
		31A2F8E81C2FC6D2000165AB /* NSObject+MJKeyValue.m */ = {isa = PBXFileReference; fileEncoding = 4; lastKnownFileType = sourcecode.c.objc; path = "NSObject+MJKeyValue.m"; sourceTree = "<group>"; };
		31BF29D91C3274CC00450DCA /* ZMHOAuthViewController.h */ = {isa = PBXFileReference; fileEncoding = 4; lastKnownFileType = sourcecode.c.h; name = ZMHOAuthViewController.h; path = OAuth/ZMHOAuthViewController.h; sourceTree = "<group>"; };
		31BF29DA1C3274CC00450DCA /* ZMHOAuthViewController.m */ = {isa = PBXFileReference; fileEncoding = 4; lastKnownFileType = sourcecode.c.objc; name = ZMHOAuthViewController.m; path = OAuth/ZMHOAuthViewController.m; sourceTree = "<group>"; };
		31C6B99F1C3276B00073D3D6 /* MBProgressHUD+MJ.h */ = {isa = PBXFileReference; fileEncoding = 4; lastKnownFileType = sourcecode.c.h; path = "MBProgressHUD+MJ.h"; sourceTree = "<group>"; };
		31C6B9A01C3276B00073D3D6 /* MBProgressHUD+MJ.m */ = {isa = PBXFileReference; fileEncoding = 4; lastKnownFileType = sourcecode.c.objc; path = "MBProgressHUD+MJ.m"; sourceTree = "<group>"; };
		31C6B9A11C3276B00073D3D6 /* MBProgressHUD.bundle */ = {isa = PBXFileReference; lastKnownFileType = "wrapper.plug-in"; path = MBProgressHUD.bundle; sourceTree = "<group>"; };
		31C6B9A21C3276B00073D3D6 /* MBProgressHUD.h */ = {isa = PBXFileReference; fileEncoding = 4; lastKnownFileType = sourcecode.c.h; path = MBProgressHUD.h; sourceTree = "<group>"; };
		31C6B9A31C3276B00073D3D6 /* MBProgressHUD.m */ = {isa = PBXFileReference; fileEncoding = 4; lastKnownFileType = sourcecode.c.objc; path = MBProgressHUD.m; sourceTree = "<group>"; };
		31C881381C33D719004E5292 /* ZMHOneViewController.h */ = {isa = PBXFileReference; fileEncoding = 4; lastKnownFileType = sourcecode.c.h; name = ZMHOneViewController.h; path = home/ZMHOneViewController.h; sourceTree = "<group>"; };
		31C881391C33D719004E5292 /* ZMHOneViewController.m */ = {isa = PBXFileReference; fileEncoding = 4; lastKnownFileType = sourcecode.c.objc; name = ZMHOneViewController.m; path = home/ZMHOneViewController.m; sourceTree = "<group>"; };
		31C8813B1C33D7FF004E5292 /* ZMHCover.h */ = {isa = PBXFileReference; fileEncoding = 4; lastKnownFileType = sourcecode.c.h; name = ZMHCover.h; path = home/ZMHCover.h; sourceTree = "<group>"; };
		31C8813C1C33D7FF004E5292 /* ZMHCover.m */ = {isa = PBXFileReference; fileEncoding = 4; lastKnownFileType = sourcecode.c.objc; name = ZMHCover.m; path = home/ZMHCover.m; sourceTree = "<group>"; };
		31C8813F1C33DC60004E5292 /* MJRefresh.bundle */ = {isa = PBXFileReference; lastKnownFileType = "wrapper.plug-in"; path = MJRefresh.bundle; sourceTree = "<group>"; };
		31C881401C33DC60004E5292 /* MJRefresh.h */ = {isa = PBXFileReference; fileEncoding = 4; lastKnownFileType = sourcecode.c.h; path = MJRefresh.h; sourceTree = "<group>"; };
		31C881411C33DC60004E5292 /* MJRefreshBaseView.h */ = {isa = PBXFileReference; fileEncoding = 4; lastKnownFileType = sourcecode.c.h; path = MJRefreshBaseView.h; sourceTree = "<group>"; };
		31C881421C33DC60004E5292 /* MJRefreshBaseView.m */ = {isa = PBXFileReference; fileEncoding = 4; lastKnownFileType = sourcecode.c.objc; path = MJRefreshBaseView.m; sourceTree = "<group>"; };
		31C881431C33DC60004E5292 /* MJRefreshConst.h */ = {isa = PBXFileReference; fileEncoding = 4; lastKnownFileType = sourcecode.c.h; path = MJRefreshConst.h; sourceTree = "<group>"; };
		31C881441C33DC60004E5292 /* MJRefreshConst.m */ = {isa = PBXFileReference; fileEncoding = 4; lastKnownFileType = sourcecode.c.objc; path = MJRefreshConst.m; sourceTree = "<group>"; };
		31C881451C33DC60004E5292 /* MJRefreshFooterView.h */ = {isa = PBXFileReference; fileEncoding = 4; lastKnownFileType = sourcecode.c.h; path = MJRefreshFooterView.h; sourceTree = "<group>"; };
		31C881461C33DC60004E5292 /* MJRefreshFooterView.m */ = {isa = PBXFileReference; fileEncoding = 4; lastKnownFileType = sourcecode.c.objc; path = MJRefreshFooterView.m; sourceTree = "<group>"; };
		31C881471C33DC60004E5292 /* MJRefreshHeaderView.h */ = {isa = PBXFileReference; fileEncoding = 4; lastKnownFileType = sourcecode.c.h; path = MJRefreshHeaderView.h; sourceTree = "<group>"; };
		31C881481C33DC60004E5292 /* MJRefreshHeaderView.m */ = {isa = PBXFileReference; fileEncoding = 4; lastKnownFileType = sourcecode.c.objc; path = MJRefreshHeaderView.m; sourceTree = "<group>"; };
		31C881491C33DC60004E5292 /* UIScrollView+MJExtension.h */ = {isa = PBXFileReference; fileEncoding = 4; lastKnownFileType = sourcecode.c.h; path = "UIScrollView+MJExtension.h"; sourceTree = "<group>"; };
		31C8814A1C33DC60004E5292 /* UIScrollView+MJExtension.m */ = {isa = PBXFileReference; fileEncoding = 4; lastKnownFileType = sourcecode.c.objc; path = "UIScrollView+MJExtension.m"; sourceTree = "<group>"; };
		31C8814B1C33DC60004E5292 /* UIScrollView+MJRefresh.h */ = {isa = PBXFileReference; fileEncoding = 4; lastKnownFileType = sourcecode.c.h; path = "UIScrollView+MJRefresh.h"; sourceTree = "<group>"; };
		31C8814C1C33DC60004E5292 /* UIScrollView+MJRefresh.m */ = {isa = PBXFileReference; fileEncoding = 4; lastKnownFileType = sourcecode.c.objc; path = "UIScrollView+MJRefresh.m"; sourceTree = "<group>"; };
		31C8814D1C33DC60004E5292 /* UIView+MJExtension.h */ = {isa = PBXFileReference; fileEncoding = 4; lastKnownFileType = sourcecode.c.h; path = "UIView+MJExtension.h"; sourceTree = "<group>"; };
		31C8814E1C33DC60004E5292 /* UIView+MJExtension.m */ = {isa = PBXFileReference; fileEncoding = 4; lastKnownFileType = sourcecode.c.objc; path = "UIView+MJExtension.m"; sourceTree = "<group>"; };
		31C881571C33DE3D004E5292 /* ZMHTitleButton.h */ = {isa = PBXFileReference; fileEncoding = 4; lastKnownFileType = sourcecode.c.h; name = ZMHTitleButton.h; path = home/ZMHTitleButton.h; sourceTree = "<group>"; };
		31C881581C33DE3D004E5292 /* ZMHTitleButton.m */ = {isa = PBXFileReference; fileEncoding = 4; lastKnownFileType = sourcecode.c.objc; name = ZMHTitleButton.m; path = home/ZMHTitleButton.m; sourceTree = "<group>"; };
		31C8815A1C33DFB2004E5292 /* ZMHUserTool.h */ = {isa = PBXFileReference; fileEncoding = 4; lastKnownFileType = sourcecode.c.h; name = ZMHUserTool.h; path = tool/ZMHUserTool.h; sourceTree = "<group>"; };
		31C8815B1C33DFB2004E5292 /* ZMHUserTool.m */ = {isa = PBXFileReference; fileEncoding = 4; lastKnownFileType = sourcecode.c.objc; name = ZMHUserTool.m; path = tool/ZMHUserTool.m; sourceTree = "<group>"; };
		31C8815D1C33E02F004E5292 /* ZMHUser.h */ = {isa = PBXFileReference; fileEncoding = 4; lastKnownFileType = sourcecode.c.h; name = ZMHUser.h; path = OAuth/ZMHUser.h; sourceTree = "<group>"; };
		31C8815E1C33E02F004E5292 /* ZMHUser.m */ = {isa = PBXFileReference; fileEncoding = 4; lastKnownFileType = sourcecode.c.objc; name = ZMHUser.m; path = OAuth/ZMHUser.m; sourceTree = "<group>"; };
		31C881601C33E059004E5292 /* ZMHUserResult.h */ = {isa = PBXFileReference; fileEncoding = 4; lastKnownFileType = sourcecode.c.h; name = ZMHUserResult.h; path = OAuth/ZMHUserResult.h; sourceTree = "<group>"; };
		31C881611C33E059004E5292 /* ZMHUserResult.m */ = {isa = PBXFileReference; fileEncoding = 4; lastKnownFileType = sourcecode.c.objc; name = ZMHUserResult.m; path = OAuth/ZMHUserResult.m; sourceTree = "<group>"; };
		31C881631C33E306004E5292 /* ZMHUserParam.h */ = {isa = PBXFileReference; fileEncoding = 4; lastKnownFileType = sourcecode.c.h; path = ZMHUserParam.h; sourceTree = "<group>"; };
		31C881641C33E306004E5292 /* ZMHUserParam.m */ = {isa = PBXFileReference; fileEncoding = 4; lastKnownFileType = sourcecode.c.objc; path = ZMHUserParam.m; sourceTree = "<group>"; };
		31C881661C33FE12004E5292 /* ZMHStatusTool.h */ = {isa = PBXFileReference; fileEncoding = 4; lastKnownFileType = sourcecode.c.h; name = ZMHStatusTool.h; path = tool/ZMHStatusTool.h; sourceTree = "<group>"; };
		31C881671C33FE12004E5292 /* ZMHStatusTool.m */ = {isa = PBXFileReference; fileEncoding = 4; lastKnownFileType = sourcecode.c.objc; name = ZMHStatusTool.m; path = tool/ZMHStatusTool.m; sourceTree = "<group>"; };
		31C881691C33FEC4004E5292 /* ZMHStatusParam.h */ = {isa = PBXFileReference; fileEncoding = 4; lastKnownFileType = sourcecode.c.h; path = ZMHStatusParam.h; sourceTree = "<group>"; };
		31C8816A1C33FEC4004E5292 /* ZMHStatusParam.m */ = {isa = PBXFileReference; fileEncoding = 4; lastKnownFileType = sourcecode.c.objc; path = ZMHStatusParam.m; sourceTree = "<group>"; };
		31C8816C1C340A72004E5292 /* ZMHStatus.h */ = {isa = PBXFileReference; fileEncoding = 4; lastKnownFileType = sourcecode.c.h; name = ZMHStatus.h; path = home/ZMHStatus.h; sourceTree = "<group>"; };
		31C8816D1C340A72004E5292 /* ZMHStatus.m */ = {isa = PBXFileReference; fileEncoding = 4; lastKnownFileType = sourcecode.c.objc; name = ZMHStatus.m; path = home/ZMHStatus.m; sourceTree = "<group>"; };
		31C8816F1C340B63004E5292 /* NSDate+MJ.h */ = {isa = PBXFileReference; fileEncoding = 4; lastKnownFileType = sourcecode.c.h; path = "NSDate+MJ.h"; sourceTree = "<group>"; };
		31C881701C340BCE004E5292 /* ZMHPhoto.h */ = {isa = PBXFileReference; fileEncoding = 4; lastKnownFileType = sourcecode.c.h; path = ZMHPhoto.h; sourceTree = "<group>"; };
		31C881711C340BCE004E5292 /* ZMHPhoto.m */ = {isa = PBXFileReference; fileEncoding = 4; lastKnownFileType = sourcecode.c.objc; path = ZMHPhoto.m; sourceTree = "<group>"; };
		31C881731C340DD5004E5292 /* ZMHStatusResult.h */ = {isa = PBXFileReference; fileEncoding = 4; lastKnownFileType = sourcecode.c.h; path = ZMHStatusResult.h; sourceTree = "<group>"; };
		31C881741C340DD5004E5292 /* ZMHStatusResult.m */ = {isa = PBXFileReference; fileEncoding = 4; lastKnownFileType = sourcecode.c.objc; path = ZMHStatusResult.m; sourceTree = "<group>"; };
		31C881761C340F3B004E5292 /* ZMHStatusFrame.h */ = {isa = PBXFileReference; fileEncoding = 4; lastKnownFileType = sourcecode.c.h; path = ZMHStatusFrame.h; sourceTree = "<group>"; };
		31C881771C340F3B004E5292 /* ZMHStatusFrame.m */ = {isa = PBXFileReference; fileEncoding = 4; lastKnownFileType = sourcecode.c.objc; path = ZMHStatusFrame.m; sourceTree = "<group>"; };
		31C881791C3412AE004E5292 /* UIBarButton+Item.h */ = {isa = PBXFileReference; fileEncoding = 4; lastKnownFileType = sourcecode.c.h; name = "UIBarButton+Item.h"; path = "home/UIBarButton+Item.h"; sourceTree = "<group>"; };
		31C8817A1C3412AE004E5292 /* UIBarButton+Item.m */ = {isa = PBXFileReference; fileEncoding = 4; lastKnownFileType = sourcecode.c.objc; name = "UIBarButton+Item.m"; path = "home/UIBarButton+Item.m"; sourceTree = "<group>"; };
		31C8817C1C341496004E5292 /* ZMHPopMenu.h */ = {isa = PBXFileReference; fileEncoding = 4; lastKnownFileType = sourcecode.c.h; path = ZMHPopMenu.h; sourceTree = "<group>"; };
		31C8817D1C341496004E5292 /* ZMHPopMenu.m */ = {isa = PBXFileReference; fileEncoding = 4; lastKnownFileType = sourcecode.c.objc; path = ZMHPopMenu.m; sourceTree = "<group>"; };
		31C8817F1C341504004E5292 /* UIView+Frame.h */ = {isa = PBXFileReference; fileEncoding = 4; lastKnownFileType = sourcecode.c.h; path = "UIView+Frame.h"; sourceTree = "<group>"; };
		31C881801C341504004E5292 /* UIView+Frame.m */ = {isa = PBXFileReference; fileEncoding = 4; lastKnownFileType = sourcecode.c.objc; path = "UIView+Frame.m"; sourceTree = "<group>"; };
		31C881821C341588004E5292 /* UIImage+Image.h */ = {isa = PBXFileReference; fileEncoding = 4; lastKnownFileType = sourcecode.c.h; path = "UIImage+Image.h"; sourceTree = "<group>"; };
		31C881831C341588004E5292 /* UIImage+Image.m */ = {isa = PBXFileReference; fileEncoding = 4; lastKnownFileType = sourcecode.c.objc; path = "UIImage+Image.m"; sourceTree = "<group>"; };
		31C881851C34175F004E5292 /* ZMHStatusCell.h */ = {isa = PBXFileReference; fileEncoding = 4; lastKnownFileType = sourcecode.c.h; path = ZMHStatusCell.h; sourceTree = "<group>"; };
		31C881861C34175F004E5292 /* ZMHStatusCell.m */ = {isa = PBXFileReference; fileEncoding = 4; lastKnownFileType = sourcecode.c.objc; path = ZMHStatusCell.m; sourceTree = "<group>"; };
		31C881881C34180B004E5292 /* ZMHOriginalView.h */ = {isa = PBXFileReference; fileEncoding = 4; lastKnownFileType = sourcecode.c.h; name = ZMHOriginalView.h; path = home/ZMHOriginalView.h; sourceTree = "<group>"; };
		31C881891C34180B004E5292 /* ZMHOriginalView.m */ = {isa = PBXFileReference; fileEncoding = 4; lastKnownFileType = sourcecode.c.objc; name = ZMHOriginalView.m; path = home/ZMHOriginalView.m; sourceTree = "<group>"; };
		31C8818C1C3418BF004E5292 /* MKAnnotationView+WebCache.h */ = {isa = PBXFileReference; fileEncoding = 4; lastKnownFileType = sourcecode.c.h; path = "MKAnnotationView+WebCache.h"; sourceTree = "<group>"; };
		31C8818D1C3418BF004E5292 /* MKAnnotationView+WebCache.m */ = {isa = PBXFileReference; fileEncoding = 4; lastKnownFileType = sourcecode.c.objc; path = "MKAnnotationView+WebCache.m"; sourceTree = "<group>"; };
		31C8818E1C3418BF004E5292 /* NSData+ImageContentType.h */ = {isa = PBXFileReference; fileEncoding = 4; lastKnownFileType = sourcecode.c.h; path = "NSData+ImageContentType.h"; sourceTree = "<group>"; };
		31C8818F1C3418BF004E5292 /* NSData+ImageContentType.m */ = {isa = PBXFileReference; fileEncoding = 4; lastKnownFileType = sourcecode.c.objc; path = "NSData+ImageContentType.m"; sourceTree = "<group>"; };
		31C881901C3418BF004E5292 /* SDImageCache.h */ = {isa = PBXFileReference; fileEncoding = 4; lastKnownFileType = sourcecode.c.h; path = SDImageCache.h; sourceTree = "<group>"; };
		31C881911C3418BF004E5292 /* SDImageCache.m */ = {isa = PBXFileReference; fileEncoding = 4; lastKnownFileType = sourcecode.c.objc; path = SDImageCache.m; sourceTree = "<group>"; };
		31C881921C3418BF004E5292 /* SDWebImageCompat.h */ = {isa = PBXFileReference; fileEncoding = 4; lastKnownFileType = sourcecode.c.h; path = SDWebImageCompat.h; sourceTree = "<group>"; };
		31C881931C3418BF004E5292 /* SDWebImageCompat.m */ = {isa = PBXFileReference; fileEncoding = 4; lastKnownFileType = sourcecode.c.objc; path = SDWebImageCompat.m; sourceTree = "<group>"; };
		31C881941C3418BF004E5292 /* SDWebImageDecoder.h */ = {isa = PBXFileReference; fileEncoding = 4; lastKnownFileType = sourcecode.c.h; path = SDWebImageDecoder.h; sourceTree = "<group>"; };
		31C881951C3418BF004E5292 /* SDWebImageDecoder.m */ = {isa = PBXFileReference; fileEncoding = 4; lastKnownFileType = sourcecode.c.objc; path = SDWebImageDecoder.m; sourceTree = "<group>"; };
		31C881961C3418BF004E5292 /* SDWebImageDownloader.h */ = {isa = PBXFileReference; fileEncoding = 4; lastKnownFileType = sourcecode.c.h; path = SDWebImageDownloader.h; sourceTree = "<group>"; };
		31C881971C3418BF004E5292 /* SDWebImageDownloader.m */ = {isa = PBXFileReference; fileEncoding = 4; lastKnownFileType = sourcecode.c.objc; path = SDWebImageDownloader.m; sourceTree = "<group>"; };
		31C881981C3418BF004E5292 /* SDWebImageDownloaderOperation.h */ = {isa = PBXFileReference; fileEncoding = 4; lastKnownFileType = sourcecode.c.h; path = SDWebImageDownloaderOperation.h; sourceTree = "<group>"; };
		31C881991C3418BF004E5292 /* SDWebImageDownloaderOperation.m */ = {isa = PBXFileReference; fileEncoding = 4; lastKnownFileType = sourcecode.c.objc; path = SDWebImageDownloaderOperation.m; sourceTree = "<group>"; };
		31C8819A1C3418BF004E5292 /* SDWebImageManager.h */ = {isa = PBXFileReference; fileEncoding = 4; lastKnownFileType = sourcecode.c.h; path = SDWebImageManager.h; sourceTree = "<group>"; };
		31C8819B1C3418BF004E5292 /* SDWebImageManager.m */ = {isa = PBXFileReference; fileEncoding = 4; lastKnownFileType = sourcecode.c.objc; path = SDWebImageManager.m; sourceTree = "<group>"; };
		31C8819C1C3418BF004E5292 /* SDWebImageOperation.h */ = {isa = PBXFileReference; fileEncoding = 4; lastKnownFileType = sourcecode.c.h; path = SDWebImageOperation.h; sourceTree = "<group>"; };
		31C8819D1C3418BF004E5292 /* SDWebImagePrefetcher.h */ = {isa = PBXFileReference; fileEncoding = 4; lastKnownFileType = sourcecode.c.h; path = SDWebImagePrefetcher.h; sourceTree = "<group>"; };
		31C8819E1C3418BF004E5292 /* SDWebImagePrefetcher.m */ = {isa = PBXFileReference; fileEncoding = 4; lastKnownFileType = sourcecode.c.objc; path = SDWebImagePrefetcher.m; sourceTree = "<group>"; };
		31C8819F1C3418BF004E5292 /* UIButton+WebCache.h */ = {isa = PBXFileReference; fileEncoding = 4; lastKnownFileType = sourcecode.c.h; path = "UIButton+WebCache.h"; sourceTree = "<group>"; };
		31C881A01C3418BF004E5292 /* UIButton+WebCache.m */ = {isa = PBXFileReference; fileEncoding = 4; lastKnownFileType = sourcecode.c.objc; path = "UIButton+WebCache.m"; sourceTree = "<group>"; };
		31C881A11C3418BF004E5292 /* UIImage+GIF.h */ = {isa = PBXFileReference; fileEncoding = 4; lastKnownFileType = sourcecode.c.h; path = "UIImage+GIF.h"; sourceTree = "<group>"; };
		31C881A21C3418BF004E5292 /* UIImage+GIF.m */ = {isa = PBXFileReference; fileEncoding = 4; lastKnownFileType = sourcecode.c.objc; path = "UIImage+GIF.m"; sourceTree = "<group>"; };
		31C881A31C3418BF004E5292 /* UIImage+MultiFormat.h */ = {isa = PBXFileReference; fileEncoding = 4; lastKnownFileType = sourcecode.c.h; path = "UIImage+MultiFormat.h"; sourceTree = "<group>"; };
		31C881A41C3418BF004E5292 /* UIImage+MultiFormat.m */ = {isa = PBXFileReference; fileEncoding = 4; lastKnownFileType = sourcecode.c.objc; path = "UIImage+MultiFormat.m"; sourceTree = "<group>"; };
		31C881A51C3418BF004E5292 /* UIImage+WebP.h */ = {isa = PBXFileReference; fileEncoding = 4; lastKnownFileType = sourcecode.c.h; path = "UIImage+WebP.h"; sourceTree = "<group>"; };
		31C881A61C3418BF004E5292 /* UIImage+WebP.m */ = {isa = PBXFileReference; fileEncoding = 4; lastKnownFileType = sourcecode.c.objc; path = "UIImage+WebP.m"; sourceTree = "<group>"; };
		31C881A71C3418BF004E5292 /* UIImageView+HighlightedWebCache.h */ = {isa = PBXFileReference; fileEncoding = 4; lastKnownFileType = sourcecode.c.h; path = "UIImageView+HighlightedWebCache.h"; sourceTree = "<group>"; };
		31C881A81C3418BF004E5292 /* UIImageView+HighlightedWebCache.m */ = {isa = PBXFileReference; fileEncoding = 4; lastKnownFileType = sourcecode.c.objc; path = "UIImageView+HighlightedWebCache.m"; sourceTree = "<group>"; };
		31C881A91C3418BF004E5292 /* UIImageView+WebCache.h */ = {isa = PBXFileReference; fileEncoding = 4; lastKnownFileType = sourcecode.c.h; path = "UIImageView+WebCache.h"; sourceTree = "<group>"; };
		31C881AA1C3418BF004E5292 /* UIImageView+WebCache.m */ = {isa = PBXFileReference; fileEncoding = 4; lastKnownFileType = sourcecode.c.objc; path = "UIImageView+WebCache.m"; sourceTree = "<group>"; };
		31C881AB1C3418BF004E5292 /* UIView+WebCacheOperation.h */ = {isa = PBXFileReference; fileEncoding = 4; lastKnownFileType = sourcecode.c.h; path = "UIView+WebCacheOperation.h"; sourceTree = "<group>"; };
		31C881AC1C3418BF004E5292 /* UIView+WebCacheOperation.m */ = {isa = PBXFileReference; fileEncoding = 4; lastKnownFileType = sourcecode.c.objc; path = "UIView+WebCacheOperation.m"; sourceTree = "<group>"; };
		31C881BD1C34192F004E5292 /* ZMHPhotosView.h */ = {isa = PBXFileReference; fileEncoding = 4; lastKnownFileType = sourcecode.c.h; name = ZMHPhotosView.h; path = home/ZMHPhotosView.h; sourceTree = "<group>"; };
		31C881BE1C34192F004E5292 /* ZMHPhotosView.m */ = {isa = PBXFileReference; fileEncoding = 4; lastKnownFileType = sourcecode.c.objc; name = ZMHPhotosView.m; path = home/ZMHPhotosView.m; sourceTree = "<group>"; };
		31C881C01C3419F2004E5292 /* ZMHPhotoView.h */ = {isa = PBXFileReference; fileEncoding = 4; lastKnownFileType = sourcecode.c.h; name = ZMHPhotoView.h; path = home/ZMHPhotoView.h; sourceTree = "<group>"; };
		31C881C11C3419F2004E5292 /* ZMHPhotoView.m */ = {isa = PBXFileReference; fileEncoding = 4; lastKnownFileType = sourcecode.c.objc; name = ZMHPhotoView.m; path = home/ZMHPhotoView.m; sourceTree = "<group>"; };
		31C881C41C341B18004E5292 /* MJPhoto.h */ = {isa = PBXFileReference; fileEncoding = 4; lastKnownFileType = sourcecode.c.h; path = MJPhoto.h; sourceTree = "<group>"; };
		31C881C51C341B18004E5292 /* MJPhoto.m */ = {isa = PBXFileReference; fileEncoding = 4; lastKnownFileType = sourcecode.c.objc; path = MJPhoto.m; sourceTree = "<group>"; };
		31C881C61C341B18004E5292 /* MJPhotoBrowser.bundle */ = {isa = PBXFileReference; lastKnownFileType = "wrapper.plug-in"; path = MJPhotoBrowser.bundle; sourceTree = "<group>"; };
		31C881C71C341B18004E5292 /* MJPhotoBrowser.h */ = {isa = PBXFileReference; fileEncoding = 4; lastKnownFileType = sourcecode.c.h; path = MJPhotoBrowser.h; sourceTree = "<group>"; };
		31C881C81C341B18004E5292 /* MJPhotoBrowser.m */ = {isa = PBXFileReference; fileEncoding = 4; lastKnownFileType = sourcecode.c.objc; path = MJPhotoBrowser.m; sourceTree = "<group>"; };
		31C881C91C341B18004E5292 /* MJPhotoLoadingView.h */ = {isa = PBXFileReference; fileEncoding = 4; lastKnownFileType = sourcecode.c.h; path = MJPhotoLoadingView.h; sourceTree = "<group>"; };
		31C881CA1C341B18004E5292 /* MJPhotoLoadingView.m */ = {isa = PBXFileReference; fileEncoding = 4; lastKnownFileType = sourcecode.c.objc; path = MJPhotoLoadingView.m; sourceTree = "<group>"; };
		31C881CB1C341B18004E5292 /* MJPhotoProgressView.h */ = {isa = PBXFileReference; fileEncoding = 4; lastKnownFileType = sourcecode.c.h; path = MJPhotoProgressView.h; sourceTree = "<group>"; };
		31C881CC1C341B18004E5292 /* MJPhotoProgressView.m */ = {isa = PBXFileReference; fileEncoding = 4; lastKnownFileType = sourcecode.c.objc; path = MJPhotoProgressView.m; sourceTree = "<group>"; };
		31C881CD1C341B18004E5292 /* MJPhotoToolbar.h */ = {isa = PBXFileReference; fileEncoding = 4; lastKnownFileType = sourcecode.c.h; path = MJPhotoToolbar.h; sourceTree = "<group>"; };
		31C881CE1C341B18004E5292 /* MJPhotoToolbar.m */ = {isa = PBXFileReference; fileEncoding = 4; lastKnownFileType = sourcecode.c.objc; path = MJPhotoToolbar.m; sourceTree = "<group>"; };
		31C881CF1C341B18004E5292 /* MJPhotoView.h */ = {isa = PBXFileReference; fileEncoding = 4; lastKnownFileType = sourcecode.c.h; path = MJPhotoView.h; sourceTree = "<group>"; };
		31C881D01C341B18004E5292 /* MJPhotoView.m */ = {isa = PBXFileReference; fileEncoding = 4; lastKnownFileType = sourcecode.c.objc; path = MJPhotoView.m; sourceTree = "<group>"; };
		31C881D11C341B18004E5292 /* SDWebImageManager+MJ.h */ = {isa = PBXFileReference; fileEncoding = 4; lastKnownFileType = sourcecode.c.h; path = "SDWebImageManager+MJ.h"; sourceTree = "<group>"; };
		31C881D21C341B18004E5292 /* SDWebImageManager+MJ.m */ = {isa = PBXFileReference; fileEncoding = 4; lastKnownFileType = sourcecode.c.objc; path = "SDWebImageManager+MJ.m"; sourceTree = "<group>"; };
		31C881DB1C341C31004E5292 /* PrefixHeader.pch */ = {isa = PBXFileReference; lastKnownFileType = sourcecode.c.h; path = PrefixHeader.pch; sourceTree = "<group>"; };
		31C881DC1C342173004E5292 /* ZMHRetweetView.h */ = {isa = PBXFileReference; fileEncoding = 4; lastKnownFileType = sourcecode.c.h; name = ZMHRetweetView.h; path = home/ZMHRetweetView.h; sourceTree = "<group>"; };
		31C881DD1C342173004E5292 /* ZMHRetweetView.m */ = {isa = PBXFileReference; fileEncoding = 4; lastKnownFileType = sourcecode.c.objc; name = ZMHRetweetView.m; path = home/ZMHRetweetView.m; sourceTree = "<group>"; };
		31C881DF1C3422C5004E5292 /* ZMHStatusToolBar.h */ = {isa = PBXFileReference; fileEncoding = 4; lastKnownFileType = sourcecode.c.h; path = ZMHStatusToolBar.h; sourceTree = "<group>"; };
		31C881E01C3422C5004E5292 /* ZMHStatusToolBar.m */ = {isa = PBXFileReference; fileEncoding = 4; lastKnownFileType = sourcecode.c.objc; path = ZMHStatusToolBar.m; sourceTree = "<group>"; };
		31C881E51C34B695004E5292 /* ZMHTabBarController.h */ = {isa = PBXFileReference; fileEncoding = 4; lastKnownFileType = sourcecode.c.h; path = ZMHTabBarController.h; sourceTree = "<group>"; };
		31C881E61C34B695004E5292 /* ZMHTabBarController.m */ = {isa = PBXFileReference; fileEncoding = 4; lastKnownFileType = sourcecode.c.objc; path = ZMHTabBarController.m; sourceTree = "<group>"; };
		31C881E71C34B695004E5292 /* ZMHNavigationController.h */ = {isa = PBXFileReference; fileEncoding = 4; lastKnownFileType = sourcecode.c.h; path = ZMHNavigationController.h; sourceTree = "<group>"; };
		31C881E81C34B695004E5292 /* ZMHNavigationController.m */ = {isa = PBXFileReference; fileEncoding = 4; lastKnownFileType = sourcecode.c.objc; path = ZMHNavigationController.m; sourceTree = "<group>"; };
		31C881EB1C34B6E8004E5292 /* ZMHTabBar.h */ = {isa = PBXFileReference; fileEncoding = 4; lastKnownFileType = sourcecode.c.h; path = ZMHTabBar.h; sourceTree = "<group>"; };
		31C881EC1C34B6E8004E5292 /* ZMHTabBar.m */ = {isa = PBXFileReference; fileEncoding = 4; lastKnownFileType = sourcecode.c.objc; path = ZMHTabBar.m; sourceTree = "<group>"; };
		31C881ED1C34B6E8004E5292 /* ZMHTabBarButton.h */ = {isa = PBXFileReference; fileEncoding = 4; lastKnownFileType = sourcecode.c.h; path = ZMHTabBarButton.h; sourceTree = "<group>"; };
		31C881EE1C34B6E8004E5292 /* ZMHTabBarButton.m */ = {isa = PBXFileReference; fileEncoding = 4; lastKnownFileType = sourcecode.c.objc; path = ZMHTabBarButton.m; sourceTree = "<group>"; };
		31C881EF1C34B6E8004E5292 /* ZMHBadgeView.h */ = {isa = PBXFileReference; fileEncoding = 4; lastKnownFileType = sourcecode.c.h; path = ZMHBadgeView.h; sourceTree = "<group>"; };
		31C881F01C34B6E8004E5292 /* ZMHBadgeView.m */ = {isa = PBXFileReference; fileEncoding = 4; lastKnownFileType = sourcecode.c.objc; path = ZMHBadgeView.m; sourceTree = "<group>"; };
		31C881F41C34D3F5004E5292 /* NSDate+MJ.m */ = {isa = PBXFileReference; fileEncoding = 4; lastKnownFileType = sourcecode.c.objc; path = "NSDate+MJ.m"; sourceTree = "<group>"; };
		31D512F11C2E8291009E5C21 /* ZMHHomeViewController.h */ = {isa = PBXFileReference; fileEncoding = 4; lastKnownFileType = sourcecode.c.h; name = ZMHHomeViewController.h; path = home/ZMHHomeViewController.h; sourceTree = "<group>"; };
		31D512F21C2E8291009E5C21 /* ZMHHomeViewController.m */ = {isa = PBXFileReference; fileEncoding = 4; lastKnownFileType = sourcecode.c.objc; name = ZMHHomeViewController.m; path = home/ZMHHomeViewController.m; sourceTree = "<group>"; };
		31D512F41C2E82B6009E5C21 /* ZMHMessageViewController.h */ = {isa = PBXFileReference; fileEncoding = 4; lastKnownFileType = sourcecode.c.h; name = ZMHMessageViewController.h; path = message/ZMHMessageViewController.h; sourceTree = "<group>"; };
		31D512F51C2E82B6009E5C21 /* ZMHMessageViewController.m */ = {isa = PBXFileReference; fileEncoding = 4; lastKnownFileType = sourcecode.c.objc; name = ZMHMessageViewController.m; path = message/ZMHMessageViewController.m; sourceTree = "<group>"; };
		31D512F81C2E8320009E5C21 /* ZMHDiscoverController.h */ = {isa = PBXFileReference; fileEncoding = 4; lastKnownFileType = sourcecode.c.h; name = ZMHDiscoverController.h; path = discover/ZMHDiscoverController.h; sourceTree = "<group>"; };
		31D512F91C2E8320009E5C21 /* ZMHDiscoverController.m */ = {isa = PBXFileReference; fileEncoding = 4; lastKnownFileType = sourcecode.c.objc; name = ZMHDiscoverController.m; path = discover/ZMHDiscoverController.m; sourceTree = "<group>"; };
		31D512FB1C2E8349009E5C21 /* ZMHProfileViewController.h */ = {isa = PBXFileReference; fileEncoding = 4; lastKnownFileType = sourcecode.c.h; name = ZMHProfileViewController.h; path = profile/ZMHProfileViewController.h; sourceTree = "<group>"; };
		31D512FC1C2E8349009E5C21 /* ZMHProfileViewController.m */ = {isa = PBXFileReference; fileEncoding = 4; lastKnownFileType = sourcecode.c.objc; name = ZMHProfileViewController.m; path = profile/ZMHProfileViewController.m; sourceTree = "<group>"; };
		31D512FF1C2ECE74009E5C21 /* ZMHWeiboTool.h */ = {isa = PBXFileReference; fileEncoding = 4; lastKnownFileType = sourcecode.c.h; name = ZMHWeiboTool.h; path = tool/ZMHWeiboTool.h; sourceTree = "<group>"; };
		31D513001C2ECE74009E5C21 /* ZMHWeiboTool.m */ = {isa = PBXFileReference; fileEncoding = 4; lastKnownFileType = sourcecode.c.objc; name = ZMHWeiboTool.m; path = tool/ZMHWeiboTool.m; sourceTree = "<group>"; };
		31D513041C2ED094009E5C21 /* AFHTTPSessionManager.h */ = {isa = PBXFileReference; fileEncoding = 4; lastKnownFileType = sourcecode.c.h; path = AFHTTPSessionManager.h; sourceTree = "<group>"; };
		31D513051C2ED094009E5C21 /* AFHTTPSessionManager.m */ = {isa = PBXFileReference; fileEncoding = 4; lastKnownFileType = sourcecode.c.objc; path = AFHTTPSessionManager.m; sourceTree = "<group>"; };
		31D513061C2ED094009E5C21 /* AFNetworking.h */ = {isa = PBXFileReference; fileEncoding = 4; lastKnownFileType = sourcecode.c.h; path = AFNetworking.h; sourceTree = "<group>"; };
		31D513071C2ED094009E5C21 /* AFNetworkReachabilityManager.h */ = {isa = PBXFileReference; fileEncoding = 4; lastKnownFileType = sourcecode.c.h; path = AFNetworkReachabilityManager.h; sourceTree = "<group>"; };
		31D513081C2ED094009E5C21 /* AFNetworkReachabilityManager.m */ = {isa = PBXFileReference; fileEncoding = 4; lastKnownFileType = sourcecode.c.objc; path = AFNetworkReachabilityManager.m; sourceTree = "<group>"; };
		31D513091C2ED094009E5C21 /* AFSecurityPolicy.h */ = {isa = PBXFileReference; fileEncoding = 4; lastKnownFileType = sourcecode.c.h; path = AFSecurityPolicy.h; sourceTree = "<group>"; };
		31D5130A1C2ED094009E5C21 /* AFSecurityPolicy.m */ = {isa = PBXFileReference; fileEncoding = 4; lastKnownFileType = sourcecode.c.objc; path = AFSecurityPolicy.m; sourceTree = "<group>"; };
		31D5130B1C2ED094009E5C21 /* AFURLRequestSerialization.h */ = {isa = PBXFileReference; fileEncoding = 4; lastKnownFileType = sourcecode.c.h; path = AFURLRequestSerialization.h; sourceTree = "<group>"; };
		31D5130C1C2ED094009E5C21 /* AFURLRequestSerialization.m */ = {isa = PBXFileReference; fileEncoding = 4; lastKnownFileType = sourcecode.c.objc; path = AFURLRequestSerialization.m; sourceTree = "<group>"; };
		31D5130D1C2ED094009E5C21 /* AFURLResponseSerialization.h */ = {isa = PBXFileReference; fileEncoding = 4; lastKnownFileType = sourcecode.c.h; path = AFURLResponseSerialization.h; sourceTree = "<group>"; };
		31D5130E1C2ED094009E5C21 /* AFURLResponseSerialization.m */ = {isa = PBXFileReference; fileEncoding = 4; lastKnownFileType = sourcecode.c.objc; path = AFURLResponseSerialization.m; sourceTree = "<group>"; };
		31D5130F1C2ED094009E5C21 /* AFURLSessionManager.h */ = {isa = PBXFileReference; fileEncoding = 4; lastKnownFileType = sourcecode.c.h; path = AFURLSessionManager.h; sourceTree = "<group>"; };
		31D513101C2ED094009E5C21 /* AFURLSessionManager.m */ = {isa = PBXFileReference; fileEncoding = 4; lastKnownFileType = sourcecode.c.objc; path = AFURLSessionManager.m; sourceTree = "<group>"; };
		31D513121C2ED094009E5C21 /* AFAutoPurgingImageCache.h */ = {isa = PBXFileReference; fileEncoding = 4; lastKnownFileType = sourcecode.c.h; path = AFAutoPurgingImageCache.h; sourceTree = "<group>"; };
		31D513131C2ED094009E5C21 /* AFAutoPurgingImageCache.m */ = {isa = PBXFileReference; fileEncoding = 4; lastKnownFileType = sourcecode.c.objc; path = AFAutoPurgingImageCache.m; sourceTree = "<group>"; };
		31D513141C2ED094009E5C21 /* AFImageDownloader.h */ = {isa = PBXFileReference; fileEncoding = 4; lastKnownFileType = sourcecode.c.h; path = AFImageDownloader.h; sourceTree = "<group>"; };
		31D513151C2ED094009E5C21 /* AFImageDownloader.m */ = {isa = PBXFileReference; fileEncoding = 4; lastKnownFileType = sourcecode.c.objc; path = AFImageDownloader.m; sourceTree = "<group>"; };
		31D513161C2ED094009E5C21 /* AFNetworkActivityIndicatorManager.h */ = {isa = PBXFileReference; fileEncoding = 4; lastKnownFileType = sourcecode.c.h; path = AFNetworkActivityIndicatorManager.h; sourceTree = "<group>"; };
		31D513171C2ED094009E5C21 /* AFNetworkActivityIndicatorManager.m */ = {isa = PBXFileReference; fileEncoding = 4; lastKnownFileType = sourcecode.c.objc; path = AFNetworkActivityIndicatorManager.m; sourceTree = "<group>"; };
		31D513181C2ED094009E5C21 /* UIActivityIndicatorView+AFNetworking.h */ = {isa = PBXFileReference; fileEncoding = 4; lastKnownFileType = sourcecode.c.h; path = "UIActivityIndicatorView+AFNetworking.h"; sourceTree = "<group>"; };
		31D513191C2ED094009E5C21 /* UIActivityIndicatorView+AFNetworking.m */ = {isa = PBXFileReference; fileEncoding = 4; lastKnownFileType = sourcecode.c.objc; path = "UIActivityIndicatorView+AFNetworking.m"; sourceTree = "<group>"; };
		31D5131A1C2ED094009E5C21 /* UIButton+AFNetworking.h */ = {isa = PBXFileReference; fileEncoding = 4; lastKnownFileType = sourcecode.c.h; path = "UIButton+AFNetworking.h"; sourceTree = "<group>"; };
		31D5131B1C2ED094009E5C21 /* UIButton+AFNetworking.m */ = {isa = PBXFileReference; fileEncoding = 4; lastKnownFileType = sourcecode.c.objc; path = "UIButton+AFNetworking.m"; sourceTree = "<group>"; };
		31D5131C1C2ED094009E5C21 /* UIImage+AFNetworking.h */ = {isa = PBXFileReference; fileEncoding = 4; lastKnownFileType = sourcecode.c.h; path = "UIImage+AFNetworking.h"; sourceTree = "<group>"; };
		31D5131D1C2ED094009E5C21 /* UIImageView+AFNetworking.h */ = {isa = PBXFileReference; fileEncoding = 4; lastKnownFileType = sourcecode.c.h; path = "UIImageView+AFNetworking.h"; sourceTree = "<group>"; };
		31D5131E1C2ED094009E5C21 /* UIImageView+AFNetworking.m */ = {isa = PBXFileReference; fileEncoding = 4; lastKnownFileType = sourcecode.c.objc; path = "UIImageView+AFNetworking.m"; sourceTree = "<group>"; };
		31D5131F1C2ED094009E5C21 /* UIKit+AFNetworking.h */ = {isa = PBXFileReference; fileEncoding = 4; lastKnownFileType = sourcecode.c.h; path = "UIKit+AFNetworking.h"; sourceTree = "<group>"; };
		31D513201C2ED094009E5C21 /* UIProgressView+AFNetworking.h */ = {isa = PBXFileReference; fileEncoding = 4; lastKnownFileType = sourcecode.c.h; path = "UIProgressView+AFNetworking.h"; sourceTree = "<group>"; };
		31D513211C2ED094009E5C21 /* UIProgressView+AFNetworking.m */ = {isa = PBXFileReference; fileEncoding = 4; lastKnownFileType = sourcecode.c.objc; path = "UIProgressView+AFNetworking.m"; sourceTree = "<group>"; };
		31D513221C2ED094009E5C21 /* UIRefreshControl+AFNetworking.h */ = {isa = PBXFileReference; fileEncoding = 4; lastKnownFileType = sourcecode.c.h; path = "UIRefreshControl+AFNetworking.h"; sourceTree = "<group>"; };
		31D513231C2ED094009E5C21 /* UIRefreshControl+AFNetworking.m */ = {isa = PBXFileReference; fileEncoding = 4; lastKnownFileType = sourcecode.c.objc; path = "UIRefreshControl+AFNetworking.m"; sourceTree = "<group>"; };
		31D513241C2ED094009E5C21 /* UIWebView+AFNetworking.h */ = {isa = PBXFileReference; fileEncoding = 4; lastKnownFileType = sourcecode.c.h; path = "UIWebView+AFNetworking.h"; sourceTree = "<group>"; };
		31D513251C2ED094009E5C21 /* UIWebView+AFNetworking.m */ = {isa = PBXFileReference; fileEncoding = 4; lastKnownFileType = sourcecode.c.objc; path = "UIWebView+AFNetworking.m"; sourceTree = "<group>"; };
		31F65ACA1C20107E00C9CC88 /* weibo_zimhy.app */ = {isa = PBXFileReference; explicitFileType = wrapper.application; includeInIndex = 0; path = weibo_zimhy.app; sourceTree = BUILT_PRODUCTS_DIR; };
		31F65ACE1C20107E00C9CC88 /* main.m */ = {isa = PBXFileReference; lastKnownFileType = sourcecode.c.objc; path = main.m; sourceTree = "<group>"; };
		31F65AD01C20107E00C9CC88 /* AppDelegate.h */ = {isa = PBXFileReference; lastKnownFileType = sourcecode.c.h; path = AppDelegate.h; sourceTree = "<group>"; };
		31F65AD11C20107E00C9CC88 /* AppDelegate.m */ = {isa = PBXFileReference; lastKnownFileType = sourcecode.c.objc; path = AppDelegate.m; sourceTree = "<group>"; };
		31F65AD91C20107E00C9CC88 /* Assets.xcassets */ = {isa = PBXFileReference; lastKnownFileType = folder.assetcatalog; path = Assets.xcassets; sourceTree = "<group>"; };
		31F65ADC1C20107E00C9CC88 /* Base */ = {isa = PBXFileReference; lastKnownFileType = file.storyboard; name = Base; path = Base.lproj/LaunchScreen.storyboard; sourceTree = "<group>"; };
		31F65AE31C20107E00C9CC88 /* weibo_zimhyTests.xctest */ = {isa = PBXFileReference; explicitFileType = wrapper.cfbundle; includeInIndex = 0; path = weibo_zimhyTests.xctest; sourceTree = BUILT_PRODUCTS_DIR; };
		31F65AE71C20107E00C9CC88 /* weibo_zimhyTests.m */ = {isa = PBXFileReference; lastKnownFileType = sourcecode.c.objc; path = weibo_zimhyTests.m; sourceTree = "<group>"; };
		31F65AE91C20107E00C9CC88 /* Info.plist */ = {isa = PBXFileReference; lastKnownFileType = text.plist.xml; path = Info.plist; sourceTree = "<group>"; };
		31F65AEE1C20107E00C9CC88 /* weibo_zimhyUITests.xctest */ = {isa = PBXFileReference; explicitFileType = wrapper.cfbundle; includeInIndex = 0; path = weibo_zimhyUITests.xctest; sourceTree = BUILT_PRODUCTS_DIR; };
		31F65AF21C20107E00C9CC88 /* weibo_zimhyUITests.m */ = {isa = PBXFileReference; lastKnownFileType = sourcecode.c.objc; path = weibo_zimhyUITests.m; sourceTree = "<group>"; };
		31F65AF41C20107E00C9CC88 /* Info.plist */ = {isa = PBXFileReference; lastKnownFileType = text.plist.xml; name = Info.plist; path = weibo_zimhyUITests/Info.plist; sourceTree = SOURCE_ROOT; };
/* End PBXFileReference section */

/* Begin PBXFrameworksBuildPhase section */
		31F65AC71C20107E00C9CC88 /* Frameworks */ = {
			isa = PBXFrameworksBuildPhase;
			buildActionMask = 2147483647;
			files = (
			);
			runOnlyForDeploymentPostprocessing = 0;
		};
		31F65AE01C20107E00C9CC88 /* Frameworks */ = {
			isa = PBXFrameworksBuildPhase;
			buildActionMask = 2147483647;
			files = (
			);
			runOnlyForDeploymentPostprocessing = 0;
		};
		31F65AEB1C20107E00C9CC88 /* Frameworks */ = {
			isa = PBXFrameworksBuildPhase;
			buildActionMask = 2147483647;
			files = (
			);
			runOnlyForDeploymentPostprocessing = 0;
		};
/* End PBXFrameworksBuildPhase section */

/* Begin PBXGroup section */
		3163B4181C2AA47C00BA8BA0 /* home */ = {
			isa = PBXGroup;
			children = (
				31C881E41C34B203004E5292 /* View */,
				31C881E31C34B1F9004E5292 /* Model */,
				31C881E21C34B1EE004E5292 /* Controller */,
				31C881731C340DD5004E5292 /* ZMHStatusResult.h */,
				31C881741C340DD5004E5292 /* ZMHStatusResult.m */,
				31C8817F1C341504004E5292 /* UIView+Frame.h */,
				31C881801C341504004E5292 /* UIView+Frame.m */,
				31C881821C341588004E5292 /* UIImage+Image.h */,
				31C881831C341588004E5292 /* UIImage+Image.m */,
				31C881791C3412AE004E5292 /* UIBarButton+Item.h */,
			);
			name = home;
			sourceTree = "<group>";
		};
		3163B41A1C2AA49F00BA8BA0 /* message */ = {
			isa = PBXGroup;
			children = (
				31D512F41C2E82B6009E5C21 /* ZMHMessageViewController.h */,
				31D512F51C2E82B6009E5C21 /* ZMHMessageViewController.m */,
			);
			name = message;
			sourceTree = "<group>";
		};
		3163B41C1C2AA4CD00BA8BA0 /* profile */ = {
			isa = PBXGroup;
			children = (
				31D512FB1C2E8349009E5C21 /* ZMHProfileViewController.h */,
				31D512FC1C2E8349009E5C21 /* ZMHProfileViewController.m */,
			);
			name = profile;
			sourceTree = "<group>";
		};
		318102061C2D495500CEA734 /* main */ = {
			isa = PBXGroup;
			children = (
				31C881E51C34B695004E5292 /* ZMHTabBarController.h */,
				31C881E61C34B695004E5292 /* ZMHTabBarController.m */,
				31C881E71C34B695004E5292 /* ZMHNavigationController.h */,
				31C881E81C34B695004E5292 /* ZMHNavigationController.m */,
				31C881601C33E059004E5292 /* ZMHUserResult.h */,
				31C881611C33E059004E5292 /* ZMHUserResult.m */,
				31C881631C33E306004E5292 /* ZMHUserParam.h */,
				31C881641C33E306004E5292 /* ZMHUserParam.m */,
				31C881691C33FEC4004E5292 /* ZMHStatusParam.h */,
				31C8816A1C33FEC4004E5292 /* ZMHStatusParam.m */,
				31C881EB1C34B6E8004E5292 /* ZMHTabBar.h */,
				31C881EC1C34B6E8004E5292 /* ZMHTabBar.m */,
				31C881ED1C34B6E8004E5292 /* ZMHTabBarButton.h */,
				31C881EE1C34B6E8004E5292 /* ZMHTabBarButton.m */,
				31C881EF1C34B6E8004E5292 /* ZMHBadgeView.h */,
				31C881F01C34B6E8004E5292 /* ZMHBadgeView.m */,
				31F65AD01C20107E00C9CC88 /* AppDelegate.h */,
				31F65AD11C20107E00C9CC88 /* AppDelegate.m */,
				3163B4241C2AE72900BA8BA0 /* ZMHTableViewController.m */,
				318101FE1C2D1BFE00CEA734 /* ZMHWeiboTabBar.h */,
				318101FF1C2D1BFE00CEA734 /* ZMHWeiboTabBar.m */,
				3163B4231C2AE72900BA8BA0 /* ZMHTableViewController.h */,
			);
			name = main;
			sourceTree = "<group>";
		};
		31A2F8D31C2FBAAC000165AB /* OAuth */ = {
			isa = PBXGroup;
			children = (
				31A2F8D41C2FBAE0000165AB /* ZMHAccount.h */,
				31A2F8D51C2FBAE0000165AB /* ZMHAccount.m */,
				31A2F8D71C2FBC39000165AB /* ZMHAccountParam.h */,
				31A2F8D81C2FBC39000165AB /* ZMHAccountParam.m */,
				31BF29D91C3274CC00450DCA /* ZMHOAuthViewController.h */,
				31BF29DA1C3274CC00450DCA /* ZMHOAuthViewController.m */,
			);
			name = OAuth;
			sourceTree = "<group>";
		};
		31A2F8E91C2FC6D2000165AB /* MJExtension */ = {
			isa = PBXGroup;
			children = (
				31A2F8DA1C2FC6D2000165AB /* MJConst.h */,
				31A2F8DB1C2FC6D2000165AB /* MJConst.m */,
				31A2F8DC1C2FC6D2000165AB /* MJExtension.h */,
				31A2F8DD1C2FC6D2000165AB /* MJFoundation.h */,
				31A2F8DE1C2FC6D2000165AB /* MJFoundation.m */,
				31A2F8DF1C2FC6D2000165AB /* MJIvar.h */,
				31A2F8E01C2FC6D2000165AB /* MJIvar.m */,
				31A2F8E11C2FC6D2000165AB /* MJType.h */,
				31A2F8E21C2FC6D2000165AB /* MJType.m */,
				31A2F8E31C2FC6D2000165AB /* NSObject+MJCoding.h */,
				31A2F8E41C2FC6D2000165AB /* NSObject+MJCoding.m */,
				31A2F8E51C2FC6D2000165AB /* NSObject+MJIvar.h */,
				31A2F8E61C2FC6D2000165AB /* NSObject+MJIvar.m */,
				31A2F8E71C2FC6D2000165AB /* NSObject+MJKeyValue.h */,
				31A2F8E81C2FC6D2000165AB /* NSObject+MJKeyValue.m */,
			);
			name = MJExtension;
			path = "../../../../../../Downloads/0312-微博6/代码/04-搭建配图发送微博界面/传智微博/Classes/Other/Lib/MJExtension";
			sourceTree = "<group>";
		};
		31C6B99E1C3276B00073D3D6 /* MBProgressHUD */ = {
			isa = PBXGroup;
			children = (
				31C6B99F1C3276B00073D3D6 /* MBProgressHUD+MJ.h */,
				31C6B9A01C3276B00073D3D6 /* MBProgressHUD+MJ.m */,
				31C6B9A11C3276B00073D3D6 /* MBProgressHUD.bundle */,
				31C6B9A21C3276B00073D3D6 /* MBProgressHUD.h */,
				31C6B9A31C3276B00073D3D6 /* MBProgressHUD.m */,
			);
			path = MBProgressHUD;
			sourceTree = "<group>";
		};
		31C8813E1C33DC60004E5292 /* MJRefresh */ = {
			isa = PBXGroup;
			children = (
				31C8813F1C33DC60004E5292 /* MJRefresh.bundle */,
				31C881401C33DC60004E5292 /* MJRefresh.h */,
				31C881411C33DC60004E5292 /* MJRefreshBaseView.h */,
				31C881421C33DC60004E5292 /* MJRefreshBaseView.m */,
				31C881431C33DC60004E5292 /* MJRefreshConst.h */,
				31C881441C33DC60004E5292 /* MJRefreshConst.m */,
				31C881451C33DC60004E5292 /* MJRefreshFooterView.h */,
				31C881461C33DC60004E5292 /* MJRefreshFooterView.m */,
				31C881471C33DC60004E5292 /* MJRefreshHeaderView.h */,
				31C881481C33DC60004E5292 /* MJRefreshHeaderView.m */,
				31C881491C33DC60004E5292 /* UIScrollView+MJExtension.h */,
				31C8814A1C33DC60004E5292 /* UIScrollView+MJExtension.m */,
				31C8814B1C33DC60004E5292 /* UIScrollView+MJRefresh.h */,
				31C8814C1C33DC60004E5292 /* UIScrollView+MJRefresh.m */,
				31C8814D1C33DC60004E5292 /* UIView+MJExtension.h */,
				31C8814E1C33DC60004E5292 /* UIView+MJExtension.m */,
			);
			path = MJRefresh;
			sourceTree = "<group>";
		};
		31C8818B1C3418BF004E5292 /* SDWebImage */ = {
			isa = PBXGroup;
			children = (
				31C8818C1C3418BF004E5292 /* MKAnnotationView+WebCache.h */,
				31C8818D1C3418BF004E5292 /* MKAnnotationView+WebCache.m */,
				31C8818E1C3418BF004E5292 /* NSData+ImageContentType.h */,
				31C8818F1C3418BF004E5292 /* NSData+ImageContentType.m */,
				31C881901C3418BF004E5292 /* SDImageCache.h */,
				31C881911C3418BF004E5292 /* SDImageCache.m */,
				31C881921C3418BF004E5292 /* SDWebImageCompat.h */,
				31C881931C3418BF004E5292 /* SDWebImageCompat.m */,
				31C881941C3418BF004E5292 /* SDWebImageDecoder.h */,
				31C881951C3418BF004E5292 /* SDWebImageDecoder.m */,
				31C881961C3418BF004E5292 /* SDWebImageDownloader.h */,
				31C881971C3418BF004E5292 /* SDWebImageDownloader.m */,
				31C881981C3418BF004E5292 /* SDWebImageDownloaderOperation.h */,
				31C881991C3418BF004E5292 /* SDWebImageDownloaderOperation.m */,
				31C8819A1C3418BF004E5292 /* SDWebImageManager.h */,
				31C8819B1C3418BF004E5292 /* SDWebImageManager.m */,
				31C8819C1C3418BF004E5292 /* SDWebImageOperation.h */,
				31C8819D1C3418BF004E5292 /* SDWebImagePrefetcher.h */,
				31C8819E1C3418BF004E5292 /* SDWebImagePrefetcher.m */,
				31C8819F1C3418BF004E5292 /* UIButton+WebCache.h */,
				31C881A01C3418BF004E5292 /* UIButton+WebCache.m */,
				31C881A11C3418BF004E5292 /* UIImage+GIF.h */,
				31C881A21C3418BF004E5292 /* UIImage+GIF.m */,
				31C881A31C3418BF004E5292 /* UIImage+MultiFormat.h */,
				31C881A41C3418BF004E5292 /* UIImage+MultiFormat.m */,
				31C881A51C3418BF004E5292 /* UIImage+WebP.h */,
				31C881A61C3418BF004E5292 /* UIImage+WebP.m */,
				31C881A71C3418BF004E5292 /* UIImageView+HighlightedWebCache.h */,
				31C881A81C3418BF004E5292 /* UIImageView+HighlightedWebCache.m */,
				31C881A91C3418BF004E5292 /* UIImageView+WebCache.h */,
				31C881AA1C3418BF004E5292 /* UIImageView+WebCache.m */,
				31C881AB1C3418BF004E5292 /* UIView+WebCacheOperation.h */,
				31C881AC1C3418BF004E5292 /* UIView+WebCacheOperation.m */,
			);
			path = SDWebImage;
			sourceTree = "<group>";
		};
		31C881C31C341B18004E5292 /* MJPhotoBrowser */ = {
			isa = PBXGroup;
			children = (
				31C881C41C341B18004E5292 /* MJPhoto.h */,
				31C881C51C341B18004E5292 /* MJPhoto.m */,
				31C881C61C341B18004E5292 /* MJPhotoBrowser.bundle */,
				31C881C71C341B18004E5292 /* MJPhotoBrowser.h */,
				31C881C81C341B18004E5292 /* MJPhotoBrowser.m */,
				31C881C91C341B18004E5292 /* MJPhotoLoadingView.h */,
				31C881CA1C341B18004E5292 /* MJPhotoLoadingView.m */,
				31C881CB1C341B18004E5292 /* MJPhotoProgressView.h */,
				31C881CC1C341B18004E5292 /* MJPhotoProgressView.m */,
				31C881CD1C341B18004E5292 /* MJPhotoToolbar.h */,
				31C881CE1C341B18004E5292 /* MJPhotoToolbar.m */,
				31C881CF1C341B18004E5292 /* MJPhotoView.h */,
				31C881D01C341B18004E5292 /* MJPhotoView.m */,
				31C881D11C341B18004E5292 /* SDWebImageManager+MJ.h */,
				31C881D21C341B18004E5292 /* SDWebImageManager+MJ.m */,
			);
			path = MJPhotoBrowser;
			sourceTree = "<group>";
		};
		31C881E21C34B1EE004E5292 /* Controller */ = {
			isa = PBXGroup;
			children = (
				31D512F11C2E8291009E5C21 /* ZMHHomeViewController.h */,
				31D512F21C2E8291009E5C21 /* ZMHHomeViewController.m */,
				31C881381C33D719004E5292 /* ZMHOneViewController.h */,
				31C881391C33D719004E5292 /* ZMHOneViewController.m */,
			);
			name = Controller;
			sourceTree = "<group>";
		};
		31C881E31C34B1F9004E5292 /* Model */ = {
			isa = PBXGroup;
			children = (
				31C8815D1C33E02F004E5292 /* ZMHUser.h */,
				31C8815E1C33E02F004E5292 /* ZMHUser.m */,
				31C8816C1C340A72004E5292 /* ZMHStatus.h */,
				31C8817A1C3412AE004E5292 /* UIBarButton+Item.m */,
				31C8816D1C340A72004E5292 /* ZMHStatus.m */,
				31C881761C340F3B004E5292 /* ZMHStatusFrame.h */,
				31C881771C340F3B004E5292 /* ZMHStatusFrame.m */,
				31C881701C340BCE004E5292 /* ZMHPhoto.h */,
				31C881711C340BCE004E5292 /* ZMHPhoto.m */,
			);
			name = Model;
			sourceTree = "<group>";
		};
		31C881E41C34B203004E5292 /* View */ = {
			isa = PBXGroup;
			children = (
				31C881DF1C3422C5004E5292 /* ZMHStatusToolBar.h */,
				31C881E01C3422C5004E5292 /* ZMHStatusToolBar.m */,
				31C881851C34175F004E5292 /* ZMHStatusCell.h */,
				31C881861C34175F004E5292 /* ZMHStatusCell.m */,
				31C881881C34180B004E5292 /* ZMHOriginalView.h */,
				31C881891C34180B004E5292 /* ZMHOriginalView.m */,
				31C881BD1C34192F004E5292 /* ZMHPhotosView.h */,
				31C881BE1C34192F004E5292 /* ZMHPhotosView.m */,
				31C881DC1C342173004E5292 /* ZMHRetweetView.h */,
				31C881DD1C342173004E5292 /* ZMHRetweetView.m */,
				31C8813B1C33D7FF004E5292 /* ZMHCover.h */,
				31C8813C1C33D7FF004E5292 /* ZMHCover.m */,
				31C881571C33DE3D004E5292 /* ZMHTitleButton.h */,
				31C881581C33DE3D004E5292 /* ZMHTitleButton.m */,
				31C8817C1C341496004E5292 /* ZMHPopMenu.h */,
				31C8817D1C341496004E5292 /* ZMHPopMenu.m */,
				31C881C01C3419F2004E5292 /* ZMHPhotoView.h */,
				31C881C11C3419F2004E5292 /* ZMHPhotoView.m */,
			);
			name = View;
			sourceTree = "<group>";
		};
		31D512F71C2E82EC009E5C21 /* discover */ = {
			isa = PBXGroup;
			children = (
				31D512F81C2E8320009E5C21 /* ZMHDiscoverController.h */,
				31D512F91C2E8320009E5C21 /* ZMHDiscoverController.m */,
			);
			name = discover;
			sourceTree = "<group>";
		};
		31D512FE1C2ECDE9009E5C21 /* tool */ = {
			isa = PBXGroup;
			children = (
				31C8816F1C340B63004E5292 /* NSDate+MJ.h */,
				31C881F41C34D3F5004E5292 /* NSDate+MJ.m */,
				31D512FF1C2ECE74009E5C21 /* ZMHWeiboTool.h */,
				31D513001C2ECE74009E5C21 /* ZMHWeiboTool.m */,
				31A2F8CF1C2FB6A6000165AB /* ZMHAccountTool.h */,
				31A2F8D01C2FB6A6000165AB /* ZMHAccountTool.m */,
				31A2F8D21C2FB72E000165AB /* CONFIG.h */,
				31C8815A1C33DFB2004E5292 /* ZMHUserTool.h */,
				31C8815B1C33DFB2004E5292 /* ZMHUserTool.m */,
				31C881661C33FE12004E5292 /* ZMHStatusTool.h */,
				31C881671C33FE12004E5292 /* ZMHStatusTool.m */,
			);
			name = tool;
			sourceTree = "<group>";
		};
		31D513021C2ED07B009E5C21 /* lib */ = {
			isa = PBXGroup;
			children = (
				31C881C31C341B18004E5292 /* MJPhotoBrowser */,
				31C8818B1C3418BF004E5292 /* SDWebImage */,
				31C8813E1C33DC60004E5292 /* MJRefresh */,
				31C6B99E1C3276B00073D3D6 /* MBProgressHUD */,
				31A2F8E91C2FC6D2000165AB /* MJExtension */,
				31D513031C2ED094009E5C21 /* AFNetworking */,
				31D513111C2ED094009E5C21 /* UIKit+AFNetworking */,
			);
			name = lib;
			sourceTree = "<group>";
		};
		31D513031C2ED094009E5C21 /* AFNetworking */ = {
			isa = PBXGroup;
			children = (
				31D513041C2ED094009E5C21 /* AFHTTPSessionManager.h */,
				31D513051C2ED094009E5C21 /* AFHTTPSessionManager.m */,
				31D513061C2ED094009E5C21 /* AFNetworking.h */,
				31D513071C2ED094009E5C21 /* AFNetworkReachabilityManager.h */,
				31D513081C2ED094009E5C21 /* AFNetworkReachabilityManager.m */,
				31D513091C2ED094009E5C21 /* AFSecurityPolicy.h */,
				31D5130A1C2ED094009E5C21 /* AFSecurityPolicy.m */,
				31D5130B1C2ED094009E5C21 /* AFURLRequestSerialization.h */,
				31D5130C1C2ED094009E5C21 /* AFURLRequestSerialization.m */,
				31D5130D1C2ED094009E5C21 /* AFURLResponseSerialization.h */,
				31D5130E1C2ED094009E5C21 /* AFURLResponseSerialization.m */,
				31D5130F1C2ED094009E5C21 /* AFURLSessionManager.h */,
				31D513101C2ED094009E5C21 /* AFURLSessionManager.m */,
			);
			path = AFNetworking;
			sourceTree = "<group>";
		};
		31D513111C2ED094009E5C21 /* UIKit+AFNetworking */ = {
			isa = PBXGroup;
			children = (
				31D513121C2ED094009E5C21 /* AFAutoPurgingImageCache.h */,
				31D513131C2ED094009E5C21 /* AFAutoPurgingImageCache.m */,
				31D513141C2ED094009E5C21 /* AFImageDownloader.h */,
				31D513151C2ED094009E5C21 /* AFImageDownloader.m */,
				31D513161C2ED094009E5C21 /* AFNetworkActivityIndicatorManager.h */,
				31D513171C2ED094009E5C21 /* AFNetworkActivityIndicatorManager.m */,
				31D513181C2ED094009E5C21 /* UIActivityIndicatorView+AFNetworking.h */,
				31D513191C2ED094009E5C21 /* UIActivityIndicatorView+AFNetworking.m */,
				31D5131A1C2ED094009E5C21 /* UIButton+AFNetworking.h */,
				31D5131B1C2ED094009E5C21 /* UIButton+AFNetworking.m */,
				31D5131C1C2ED094009E5C21 /* UIImage+AFNetworking.h */,
				31D5131D1C2ED094009E5C21 /* UIImageView+AFNetworking.h */,
				31D5131E1C2ED094009E5C21 /* UIImageView+AFNetworking.m */,
				31D5131F1C2ED094009E5C21 /* UIKit+AFNetworking.h */,
				31D513201C2ED094009E5C21 /* UIProgressView+AFNetworking.h */,
				31D513211C2ED094009E5C21 /* UIProgressView+AFNetworking.m */,
				31D513221C2ED094009E5C21 /* UIRefreshControl+AFNetworking.h */,
				31D513231C2ED094009E5C21 /* UIRefreshControl+AFNetworking.m */,
				31D513241C2ED094009E5C21 /* UIWebView+AFNetworking.h */,
				31D513251C2ED094009E5C21 /* UIWebView+AFNetworking.m */,
			);
			path = "UIKit+AFNetworking";
			sourceTree = "<group>";
		};
		31F65AC11C20107E00C9CC88 = {
			isa = PBXGroup;
			children = (
				31F65ACC1C20107E00C9CC88 /* weibo_zimhy */,
				31F65AE61C20107E00C9CC88 /* weibo_zimhyTests */,
				31F65AF11C20107E00C9CC88 /* weibo_zimhyUITests */,
				31F65ACB1C20107E00C9CC88 /* Products */,
			);
			sourceTree = "<group>";
		};
		31F65ACB1C20107E00C9CC88 /* Products */ = {
			isa = PBXGroup;
			children = (
				31F65ACA1C20107E00C9CC88 /* weibo_zimhy.app */,
				31F65AE31C20107E00C9CC88 /* weibo_zimhyTests.xctest */,
				31F65AEE1C20107E00C9CC88 /* weibo_zimhyUITests.xctest */,
			);
			name = Products;
			sourceTree = "<group>";
		};
		31F65ACC1C20107E00C9CC88 /* weibo_zimhy */ = {
			isa = PBXGroup;
			children = (
				31A2F8D31C2FBAAC000165AB /* OAuth */,
				31D513021C2ED07B009E5C21 /* lib */,
				31D512FE1C2ECDE9009E5C21 /* tool */,
				318102061C2D495500CEA734 /* main */,
				3163B4181C2AA47C00BA8BA0 /* home */,
				3163B41A1C2AA49F00BA8BA0 /* message */,
				31D512F71C2E82EC009E5C21 /* discover */,
				3163B41C1C2AA4CD00BA8BA0 /* profile */,
				318102041C2D460000CEA734 /* Images.xcassets */,
				31F65AD91C20107E00C9CC88 /* Assets.xcassets */,
				31F65ADB1C20107E00C9CC88 /* LaunchScreen.storyboard */,
				31F65ACD1C20107E00C9CC88 /* Supporting Files */,
			);
			path = weibo_zimhy;
			sourceTree = "<group>";
		};
		31F65ACD1C20107E00C9CC88 /* Supporting Files */ = {
			isa = PBXGroup;
			children = (
				31F65AF41C20107E00C9CC88 /* Info.plist */,
				31F65ACE1C20107E00C9CC88 /* main.m */,
				31C881DB1C341C31004E5292 /* PrefixHeader.pch */,
			);
			name = "Supporting Files";
			sourceTree = "<group>";
		};
		31F65AE61C20107E00C9CC88 /* weibo_zimhyTests */ = {
			isa = PBXGroup;
			children = (
				31F65AE71C20107E00C9CC88 /* weibo_zimhyTests.m */,
				31F65AE91C20107E00C9CC88 /* Info.plist */,
			);
			path = weibo_zimhyTests;
			sourceTree = "<group>";
		};
		31F65AF11C20107E00C9CC88 /* weibo_zimhyUITests */ = {
			isa = PBXGroup;
			children = (
				31F65AF21C20107E00C9CC88 /* weibo_zimhyUITests.m */,
			);
			path = weibo_zimhyUITests;
			sourceTree = "<group>";
		};
/* End PBXGroup section */

/* Begin PBXNativeTarget section */
		31F65AC91C20107E00C9CC88 /* weibo_zimhy */ = {
			isa = PBXNativeTarget;
			buildConfigurationList = 31F65AF71C20107E00C9CC88 /* Build configuration list for PBXNativeTarget "weibo_zimhy" */;
			buildPhases = (
				31F65AC61C20107E00C9CC88 /* Sources */,
				31F65AC71C20107E00C9CC88 /* Frameworks */,
				31F65AC81C20107E00C9CC88 /* Resources */,
			);
			buildRules = (
			);
			dependencies = (
			);
			name = weibo_zimhy;
			productName = weibo_zimhy;
			productReference = 31F65ACA1C20107E00C9CC88 /* weibo_zimhy.app */;
			productType = "com.apple.product-type.application";
		};
		31F65AE21C20107E00C9CC88 /* weibo_zimhyTests */ = {
			isa = PBXNativeTarget;
			buildConfigurationList = 31F65AFA1C20107E00C9CC88 /* Build configuration list for PBXNativeTarget "weibo_zimhyTests" */;
			buildPhases = (
				31F65ADF1C20107E00C9CC88 /* Sources */,
				31F65AE01C20107E00C9CC88 /* Frameworks */,
				31F65AE11C20107E00C9CC88 /* Resources */,
			);
			buildRules = (
			);
			dependencies = (
				31F65AE51C20107E00C9CC88 /* PBXTargetDependency */,
			);
			name = weibo_zimhyTests;
			productName = weibo_zimhyTests;
			productReference = 31F65AE31C20107E00C9CC88 /* weibo_zimhyTests.xctest */;
			productType = "com.apple.product-type.bundle.unit-test";
		};
		31F65AED1C20107E00C9CC88 /* weibo_zimhyUITests */ = {
			isa = PBXNativeTarget;
			buildConfigurationList = 31F65AFD1C20107E00C9CC88 /* Build configuration list for PBXNativeTarget "weibo_zimhyUITests" */;
			buildPhases = (
				31F65AEA1C20107E00C9CC88 /* Sources */,
				31F65AEB1C20107E00C9CC88 /* Frameworks */,
				31F65AEC1C20107E00C9CC88 /* Resources */,
			);
			buildRules = (
			);
			dependencies = (
				31F65AF01C20107E00C9CC88 /* PBXTargetDependency */,
			);
			name = weibo_zimhyUITests;
			productName = weibo_zimhyUITests;
			productReference = 31F65AEE1C20107E00C9CC88 /* weibo_zimhyUITests.xctest */;
			productType = "com.apple.product-type.bundle.ui-testing";
		};
/* End PBXNativeTarget section */

/* Begin PBXProject section */
		31F65AC21C20107E00C9CC88 /* Project object */ = {
			isa = PBXProject;
			attributes = {
				CLASSPREFIX = ZMH;
				LastUpgradeCheck = 0710;
				ORGANIZATIONNAME = menghaizhang;
				TargetAttributes = {
					31F65AC91C20107E00C9CC88 = {
						CreatedOnToolsVersion = 7.1;
					};
					31F65AE21C20107E00C9CC88 = {
						CreatedOnToolsVersion = 7.1;
						TestTargetID = 31F65AC91C20107E00C9CC88;
					};
					31F65AED1C20107E00C9CC88 = {
						CreatedOnToolsVersion = 7.1;
						TestTargetID = 31F65AC91C20107E00C9CC88;
					};
				};
			};
			buildConfigurationList = 31F65AC51C20107E00C9CC88 /* Build configuration list for PBXProject "weibo_zimhy" */;
			compatibilityVersion = "Xcode 3.2";
			developmentRegion = English;
			hasScannedForEncodings = 0;
			knownRegions = (
				en,
				Base,
			);
			mainGroup = 31F65AC11C20107E00C9CC88;
			productRefGroup = 31F65ACB1C20107E00C9CC88 /* Products */;
			projectDirPath = "";
			projectRoot = "";
			targets = (
				31F65AC91C20107E00C9CC88 /* weibo_zimhy */,
				31F65AE21C20107E00C9CC88 /* weibo_zimhyTests */,
				31F65AED1C20107E00C9CC88 /* weibo_zimhyUITests */,
			);
		};
/* End PBXProject section */

/* Begin PBXResourcesBuildPhase section */
		31F65AC81C20107E00C9CC88 /* Resources */ = {
			isa = PBXResourcesBuildPhase;
			buildActionMask = 2147483647;
			files = (
				31C881D41C341B18004E5292 /* MJPhotoBrowser.bundle in Resources */,
				318102051C2D460000CEA734 /* Images.xcassets in Resources */,
				31C6B9A51C3276B00073D3D6 /* MBProgressHUD.bundle in Resources */,
				31F65ADD1C20107E00C9CC88 /* LaunchScreen.storyboard in Resources */,
				31C8814F1C33DC60004E5292 /* MJRefresh.bundle in Resources */,
				31F65ADA1C20107E00C9CC88 /* Assets.xcassets in Resources */,
			);
			runOnlyForDeploymentPostprocessing = 0;
		};
		31F65AE11C20107E00C9CC88 /* Resources */ = {
			isa = PBXResourcesBuildPhase;
			buildActionMask = 2147483647;
			files = (
			);
			runOnlyForDeploymentPostprocessing = 0;
		};
		31F65AEC1C20107E00C9CC88 /* Resources */ = {
			isa = PBXResourcesBuildPhase;
			buildActionMask = 2147483647;
			files = (
			);
			runOnlyForDeploymentPostprocessing = 0;
		};
/* End PBXResourcesBuildPhase section */

/* Begin PBXSourcesBuildPhase section */
		31F65AC61C20107E00C9CC88 /* Sources */ = {
			isa = PBXSourcesBuildPhase;
			buildActionMask = 2147483647;
			files = (
				31C6B9A41C3276B00073D3D6 /* MBProgressHUD+MJ.m in Sources */,
				31C881511C33DC60004E5292 /* MJRefreshConst.m in Sources */,
				31A2F8EC1C2FC6D2000165AB /* MJIvar.m in Sources */,
				31C881561C33DC60004E5292 /* UIView+MJExtension.m in Sources */,
				31A2F8ED1C2FC6D2000165AB /* MJType.m in Sources */,
				31D513331C2ED094009E5C21 /* UIRefreshControl+AFNetworking.m in Sources */,
				31C881DA1C341B18004E5292 /* SDWebImageManager+MJ.m in Sources */,
				31C881F51C34D3F5004E5292 /* NSDate+MJ.m in Sources */,
				31D5132B1C2ED094009E5C21 /* AFURLSessionManager.m in Sources */,
				31C881D81C341B18004E5292 /* MJPhotoToolbar.m in Sources */,
				31C881F11C34B6E8004E5292 /* ZMHTabBar.m in Sources */,
				31C881BC1C3418BF004E5292 /* UIView+WebCacheOperation.m in Sources */,
				31C881AF1C3418BF004E5292 /* SDImageCache.m in Sources */,
				31C881521C33DC60004E5292 /* MJRefreshFooterView.m in Sources */,
				31C881EA1C34B695004E5292 /* ZMHNavigationController.m in Sources */,
				31C881B51C3418BF004E5292 /* SDWebImagePrefetcher.m in Sources */,
				31A2F8EA1C2FC6D2000165AB /* MJConst.m in Sources */,
				31C881841C341588004E5292 /* UIImage+Image.m in Sources */,
				31C881D71C341B18004E5292 /* MJPhotoProgressView.m in Sources */,
				31C881541C33DC60004E5292 /* UIScrollView+MJExtension.m in Sources */,
				31C881651C33E306004E5292 /* ZMHUserParam.m in Sources */,
				31C881BB1C3418BF004E5292 /* UIImageView+WebCache.m in Sources */,
				318102001C2D1BFE00CEA734 /* ZMHWeiboTabBar.m in Sources */,
				31D513321C2ED094009E5C21 /* UIProgressView+AFNetworking.m in Sources */,
				31A2F8D11C2FB6A6000165AB /* ZMHAccountTool.m in Sources */,
				31C8818A1C34180B004E5292 /* ZMHOriginalView.m in Sources */,
				31C881751C340DD5004E5292 /* ZMHStatusResult.m in Sources */,
				31C881621C33E059004E5292 /* ZMHUserResult.m in Sources */,
				3163B4251C2AE72900BA8BA0 /* ZMHTableViewController.m in Sources */,
				31D5132D1C2ED094009E5C21 /* AFImageDownloader.m in Sources */,
				31C881B81C3418BF004E5292 /* UIImage+MultiFormat.m in Sources */,
				31C881D61C341B18004E5292 /* MJPhotoLoadingView.m in Sources */,
				31D513011C2ECE74009E5C21 /* ZMHWeiboTool.m in Sources */,
				31D512F61C2E82B6009E5C21 /* ZMHMessageViewController.m in Sources */,
				31C8813D1C33D7FF004E5292 /* ZMHCover.m in Sources */,
				31C881B11C3418BF004E5292 /* SDWebImageDecoder.m in Sources */,
				31C881D31C341B18004E5292 /* MJPhoto.m in Sources */,
				31D513301C2ED094009E5C21 /* UIButton+AFNetworking.m in Sources */,
				31C8816B1C33FEC4004E5292 /* ZMHStatusParam.m in Sources */,
				31C881B71C3418BF004E5292 /* UIImage+GIF.m in Sources */,
				31D513281C2ED094009E5C21 /* AFSecurityPolicy.m in Sources */,
				31C881F21C34B6E8004E5292 /* ZMHTabBarButton.m in Sources */,
				31C881BF1C34192F004E5292 /* ZMHPhotosView.m in Sources */,
				31F65AD21C20107E00C9CC88 /* AppDelegate.m in Sources */,
				31D5132F1C2ED094009E5C21 /* UIActivityIndicatorView+AFNetworking.m in Sources */,
				31C881531C33DC60004E5292 /* MJRefreshHeaderView.m in Sources */,
				31C881721C340BCE004E5292 /* ZMHPhoto.m in Sources */,
				31C881501C33DC60004E5292 /* MJRefreshBaseView.m in Sources */,
				31C881551C33DC60004E5292 /* UIScrollView+MJRefresh.m in Sources */,
				31C881591C33DE3D004E5292 /* ZMHTitleButton.m in Sources */,
				31C881AD1C3418BF004E5292 /* MKAnnotationView+WebCache.m in Sources */,
				31D5132E1C2ED094009E5C21 /* AFNetworkActivityIndicatorManager.m in Sources */,
				31D5132C1C2ED094009E5C21 /* AFAutoPurgingImageCache.m in Sources */,
				31C881DE1C342173004E5292 /* ZMHRetweetView.m in Sources */,
				31A2F8D61C2FBAE0000165AB /* ZMHAccount.m in Sources */,
				31C881681C33FE12004E5292 /* ZMHStatusTool.m in Sources */,
				31C8816E1C340A72004E5292 /* ZMHStatus.m in Sources */,
				31D513291C2ED094009E5C21 /* AFURLRequestSerialization.m in Sources */,
				31D512FD1C2E8349009E5C21 /* ZMHProfileViewController.m in Sources */,
				31C881871C34175F004E5292 /* ZMHStatusCell.m in Sources */,
				31C6B9A61C3276B00073D3D6 /* MBProgressHUD.m in Sources */,
				31D512FA1C2E8320009E5C21 /* ZMHDiscoverController.m in Sources */,
				31C881B31C3418BF004E5292 /* SDWebImageDownloaderOperation.m in Sources */,
				31C881B21C3418BF004E5292 /* SDWebImageDownloader.m in Sources */,
				31C881D91C341B18004E5292 /* MJPhotoView.m in Sources */,
				31D513261C2ED094009E5C21 /* AFHTTPSessionManager.m in Sources */,
				31C8813A1C33D719004E5292 /* ZMHOneViewController.m in Sources */,
				31D512F31C2E8291009E5C21 /* ZMHHomeViewController.m in Sources */,
				31C8815C1C33DFB2004E5292 /* ZMHUserTool.m in Sources */,
				31C8815F1C33E02F004E5292 /* ZMHUser.m in Sources */,
				31C881B01C3418BF004E5292 /* SDWebImageCompat.m in Sources */,
				31C881C21C3419F2004E5292 /* ZMHPhotoView.m in Sources */,
				31A2F8F01C2FC6D2000165AB /* NSObject+MJKeyValue.m in Sources */,
				31C8817B1C3412AE004E5292 /* UIBarButton+Item.m in Sources */,
				31A2F8D91C2FBC39000165AB /* ZMHAccountParam.m in Sources */,
				31C881811C341504004E5292 /* UIView+Frame.m in Sources */,
				31C881E91C34B695004E5292 /* ZMHTabBarController.m in Sources */,
				31C881E11C3422C5004E5292 /* ZMHStatusToolBar.m in Sources */,
				31C881BA1C3418BF004E5292 /* UIImageView+HighlightedWebCache.m in Sources */,
				31D513271C2ED094009E5C21 /* AFNetworkReachabilityManager.m in Sources */,
				31D513341C2ED094009E5C21 /* UIWebView+AFNetworking.m in Sources */,
				31C881AE1C3418BF004E5292 /* NSData+ImageContentType.m in Sources */,
				31C881B41C3418BF004E5292 /* SDWebImageManager.m in Sources */,
				31C8817E1C341496004E5292 /* ZMHPopMenu.m in Sources */,
				31C881781C340F3B004E5292 /* ZMHStatusFrame.m in Sources */,
				31C881B91C3418BF004E5292 /* UIImage+WebP.m in Sources */,
				31C881B61C3418BF004E5292 /* UIButton+WebCache.m in Sources */,
				31A2F8EB1C2FC6D2000165AB /* MJFoundation.m in Sources */,
				31BF29DB1C3274CC00450DCA /* ZMHOAuthViewController.m in Sources */,
				31A2F8EE1C2FC6D2000165AB /* NSObject+MJCoding.m in Sources */,
				31C881F31C34B6E8004E5292 /* ZMHBadgeView.m in Sources */,
				31D5132A1C2ED094009E5C21 /* AFURLResponseSerialization.m in Sources */,
				31C881D51C341B18004E5292 /* MJPhotoBrowser.m in Sources */,
				31D513311C2ED094009E5C21 /* UIImageView+AFNetworking.m in Sources */,
				31F65ACF1C20107E00C9CC88 /* main.m in Sources */,
				31A2F8EF1C2FC6D2000165AB /* NSObject+MJIvar.m in Sources */,
			);
			runOnlyForDeploymentPostprocessing = 0;
		};
		31F65ADF1C20107E00C9CC88 /* Sources */ = {
			isa = PBXSourcesBuildPhase;
			buildActionMask = 2147483647;
			files = (
				31F65AE81C20107E00C9CC88 /* weibo_zimhyTests.m in Sources */,
			);
			runOnlyForDeploymentPostprocessing = 0;
		};
		31F65AEA1C20107E00C9CC88 /* Sources */ = {
			isa = PBXSourcesBuildPhase;
			buildActionMask = 2147483647;
			files = (
				31F65AF31C20107E00C9CC88 /* weibo_zimhyUITests.m in Sources */,
			);
			runOnlyForDeploymentPostprocessing = 0;
		};
/* End PBXSourcesBuildPhase section */

/* Begin PBXTargetDependency section */
		31F65AE51C20107E00C9CC88 /* PBXTargetDependency */ = {
			isa = PBXTargetDependency;
			target = 31F65AC91C20107E00C9CC88 /* weibo_zimhy */;
			targetProxy = 31F65AE41C20107E00C9CC88 /* PBXContainerItemProxy */;
		};
		31F65AF01C20107E00C9CC88 /* PBXTargetDependency */ = {
			isa = PBXTargetDependency;
			target = 31F65AC91C20107E00C9CC88 /* weibo_zimhy */;
			targetProxy = 31F65AEF1C20107E00C9CC88 /* PBXContainerItemProxy */;
		};
/* End PBXTargetDependency section */

/* Begin PBXVariantGroup section */
		31F65ADB1C20107E00C9CC88 /* LaunchScreen.storyboard */ = {
			isa = PBXVariantGroup;
			children = (
				31F65ADC1C20107E00C9CC88 /* Base */,
			);
			name = LaunchScreen.storyboard;
			sourceTree = "<group>";
		};
/* End PBXVariantGroup section */

/* Begin XCBuildConfiguration section */
		31F65AF51C20107E00C9CC88 /* Debug */ = {
			isa = XCBuildConfiguration;
			buildSettings = {
				ALWAYS_SEARCH_USER_PATHS = NO;
				CLANG_CXX_LANGUAGE_STANDARD = "gnu++0x";
				CLANG_CXX_LIBRARY = "libc++";
				CLANG_ENABLE_MODULES = YES;
				CLANG_ENABLE_OBJC_ARC = YES;
				CLANG_WARN_BOOL_CONVERSION = YES;
				CLANG_WARN_CONSTANT_CONVERSION = YES;
				CLANG_WARN_DIRECT_OBJC_ISA_USAGE = YES_ERROR;
				CLANG_WARN_EMPTY_BODY = YES;
				CLANG_WARN_ENUM_CONVERSION = YES;
				CLANG_WARN_INT_CONVERSION = YES;
				CLANG_WARN_OBJC_ROOT_CLASS = YES_ERROR;
				CLANG_WARN_UNREACHABLE_CODE = YES;
				CLANG_WARN__DUPLICATE_METHOD_MATCH = YES;
				"CODE_SIGN_IDENTITY[sdk=iphoneos*]" = "iPhone Developer";
				COPY_PHASE_STRIP = NO;
				DEBUG_INFORMATION_FORMAT = dwarf;
				ENABLE_STRICT_OBJC_MSGSEND = YES;
				ENABLE_TESTABILITY = YES;
				GCC_C_LANGUAGE_STANDARD = gnu99;
				GCC_DYNAMIC_NO_PIC = NO;
				GCC_NO_COMMON_BLOCKS = YES;
				GCC_OPTIMIZATION_LEVEL = 0;
				GCC_PREPROCESSOR_DEFINITIONS = (
					"DEBUG=1",
					"$(inherited)",
				);
				GCC_WARN_64_TO_32_BIT_CONVERSION = YES;
				GCC_WARN_ABOUT_RETURN_TYPE = YES_ERROR;
				GCC_WARN_UNDECLARED_SELECTOR = YES;
				GCC_WARN_UNINITIALIZED_AUTOS = YES_AGGRESSIVE;
				GCC_WARN_UNUSED_FUNCTION = YES;
				GCC_WARN_UNUSED_VARIABLE = YES;
				IPHONEOS_DEPLOYMENT_TARGET = 9.1;
				MTL_ENABLE_DEBUG_INFO = YES;
				ONLY_ACTIVE_ARCH = YES;
				SDKROOT = iphoneos;
			};
			name = Debug;
		};
		31F65AF61C20107E00C9CC88 /* Release */ = {
			isa = XCBuildConfiguration;
			buildSettings = {
				ALWAYS_SEARCH_USER_PATHS = NO;
				CLANG_CXX_LANGUAGE_STANDARD = "gnu++0x";
				CLANG_CXX_LIBRARY = "libc++";
				CLANG_ENABLE_MODULES = YES;
				CLANG_ENABLE_OBJC_ARC = YES;
				CLANG_WARN_BOOL_CONVERSION = YES;
				CLANG_WARN_CONSTANT_CONVERSION = YES;
				CLANG_WARN_DIRECT_OBJC_ISA_USAGE = YES_ERROR;
				CLANG_WARN_EMPTY_BODY = YES;
				CLANG_WARN_ENUM_CONVERSION = YES;
				CLANG_WARN_INT_CONVERSION = YES;
				CLANG_WARN_OBJC_ROOT_CLASS = YES_ERROR;
				CLANG_WARN_UNREACHABLE_CODE = YES;
				CLANG_WARN__DUPLICATE_METHOD_MATCH = YES;
				"CODE_SIGN_IDENTITY[sdk=iphoneos*]" = "iPhone Developer";
				COPY_PHASE_STRIP = NO;
				DEBUG_INFORMATION_FORMAT = "dwarf-with-dsym";
				ENABLE_NS_ASSERTIONS = NO;
				ENABLE_STRICT_OBJC_MSGSEND = YES;
				GCC_C_LANGUAGE_STANDARD = gnu99;
				GCC_NO_COMMON_BLOCKS = YES;
				GCC_WARN_64_TO_32_BIT_CONVERSION = YES;
				GCC_WARN_ABOUT_RETURN_TYPE = YES_ERROR;
				GCC_WARN_UNDECLARED_SELECTOR = YES;
				GCC_WARN_UNINITIALIZED_AUTOS = YES_AGGRESSIVE;
				GCC_WARN_UNUSED_FUNCTION = YES;
				GCC_WARN_UNUSED_VARIABLE = YES;
				IPHONEOS_DEPLOYMENT_TARGET = 9.1;
				MTL_ENABLE_DEBUG_INFO = NO;
				SDKROOT = iphoneos;
				VALIDATE_PRODUCT = YES;
			};
			name = Release;
		};
		31F65AF81C20107E00C9CC88 /* Debug */ = {
			isa = XCBuildConfiguration;
			buildSettings = {
				ASSETCATALOG_COMPILER_APPICON_NAME = AppIcon;
				ASSETCATALOG_COMPILER_LAUNCHIMAGE_NAME = BrandAsset;
				GCC_PRECOMPILE_PREFIX_HEADER = YES;
				GCC_PREFIX_HEADER = "$(SRCROOT)/weibo_zimhy/PrefixHeader.pch";
				INFOPLIST_FILE = weibo_zimhy/Info.plist;
				IPHONEOS_DEPLOYMENT_TARGET = 8.4;
				LD_RUNPATH_SEARCH_PATHS = "$(inherited) @executable_path/Frameworks";
				New_Setting = "";
				PRODUCT_BUNDLE_IDENTIFIER = "zimhy.weibo-zimhy";
				PRODUCT_NAME = "$(TARGET_NAME)";
				TARGETED_DEVICE_FAMILY = 1;
			};
			name = Debug;
		};
		31F65AF91C20107E00C9CC88 /* Release */ = {
			isa = XCBuildConfiguration;
			buildSettings = {
				ASSETCATALOG_COMPILER_APPICON_NAME = AppIcon;
				ASSETCATALOG_COMPILER_LAUNCHIMAGE_NAME = BrandAsset;
				GCC_PRECOMPILE_PREFIX_HEADER = YES;
				GCC_PREFIX_HEADER = "$(SRCROOT)/weibo_zimhy/PrefixHeader.pch";
				INFOPLIST_FILE = weibo_zimhy/Info.plist;
				IPHONEOS_DEPLOYMENT_TARGET = 8.4;
				LD_RUNPATH_SEARCH_PATHS = "$(inherited) @executable_path/Frameworks";
				New_Setting = "";
				PRODUCT_BUNDLE_IDENTIFIER = "zimhy.weibo-zimhy";
				PRODUCT_NAME = "$(TARGET_NAME)";
				TARGETED_DEVICE_FAMILY = 1;
			};
			name = Release;
		};
		31F65AFB1C20107E00C9CC88 /* Debug */ = {
			isa = XCBuildConfiguration;
			buildSettings = {
				BUNDLE_LOADER = "$(TEST_HOST)";
				INFOPLIST_FILE = weibo_zimhyTests/Info.plist;
				LD_RUNPATH_SEARCH_PATHS = "$(inherited) @executable_path/Frameworks @loader_path/Frameworks";
				PRODUCT_BUNDLE_IDENTIFIER = "zimhy.weibo-zimhyTests";
				PRODUCT_NAME = "$(TARGET_NAME)";
				TEST_HOST = "$(BUILT_PRODUCTS_DIR)/weibo_zimhy.app/weibo_zimhy";
			};
			name = Debug;
		};
		31F65AFC1C20107E00C9CC88 /* Release */ = {
			isa = XCBuildConfiguration;
			buildSettings = {
				BUNDLE_LOADER = "$(TEST_HOST)";
				INFOPLIST_FILE = weibo_zimhyTests/Info.plist;
				LD_RUNPATH_SEARCH_PATHS = "$(inherited) @executable_path/Frameworks @loader_path/Frameworks";
				PRODUCT_BUNDLE_IDENTIFIER = "zimhy.weibo-zimhyTests";
				PRODUCT_NAME = "$(TARGET_NAME)";
				TEST_HOST = "$(BUILT_PRODUCTS_DIR)/weibo_zimhy.app/weibo_zimhy";
			};
			name = Release;
		};
		31F65AFE1C20107E00C9CC88 /* Debug */ = {
			isa = XCBuildConfiguration;
			buildSettings = {
				INFOPLIST_FILE = weibo_zimhyUITests/Info.plist;
				LD_RUNPATH_SEARCH_PATHS = "$(inherited) @executable_path/Frameworks @loader_path/Frameworks";
				PRODUCT_BUNDLE_IDENTIFIER = "zimhy.weibo-zimhyUITests";
				PRODUCT_NAME = "$(TARGET_NAME)";
				TEST_TARGET_NAME = weibo_zimhy;
				USES_XCTRUNNER = YES;
			};
			name = Debug;
		};
		31F65AFF1C20107E00C9CC88 /* Release */ = {
			isa = XCBuildConfiguration;
			buildSettings = {
				INFOPLIST_FILE = weibo_zimhyUITests/Info.plist;
				LD_RUNPATH_SEARCH_PATHS = "$(inherited) @executable_path/Frameworks @loader_path/Frameworks";
				PRODUCT_BUNDLE_IDENTIFIER = "zimhy.weibo-zimhyUITests";
				PRODUCT_NAME = "$(TARGET_NAME)";
				TEST_TARGET_NAME = weibo_zimhy;
				USES_XCTRUNNER = YES;
			};
			name = Release;
		};
/* End XCBuildConfiguration section */

/* Begin XCConfigurationList section */
		31F65AC51C20107E00C9CC88 /* Build configuration list for PBXProject "weibo_zimhy" */ = {
			isa = XCConfigurationList;
			buildConfigurations = (
				31F65AF51C20107E00C9CC88 /* Debug */,
				31F65AF61C20107E00C9CC88 /* Release */,
			);
			defaultConfigurationIsVisible = 0;
			defaultConfigurationName = Release;
		};
		31F65AF71C20107E00C9CC88 /* Build configuration list for PBXNativeTarget "weibo_zimhy" */ = {
			isa = XCConfigurationList;
			buildConfigurations = (
				31F65AF81C20107E00C9CC88 /* Debug */,
				31F65AF91C20107E00C9CC88 /* Release */,
			);
			defaultConfigurationIsVisible = 0;
			defaultConfigurationName = Release;
		};
		31F65AFA1C20107E00C9CC88 /* Build configuration list for PBXNativeTarget "weibo_zimhyTests" */ = {
			isa = XCConfigurationList;
			buildConfigurations = (
				31F65AFB1C20107E00C9CC88 /* Debug */,
				31F65AFC1C20107E00C9CC88 /* Release */,
			);
			defaultConfigurationIsVisible = 0;
			defaultConfigurationName = Release;
		};
		31F65AFD1C20107E00C9CC88 /* Build configuration list for PBXNativeTarget "weibo_zimhyUITests" */ = {
			isa = XCConfigurationList;
			buildConfigurations = (
				31F65AFE1C20107E00C9CC88 /* Debug */,
				31F65AFF1C20107E00C9CC88 /* Release */,
			);
			defaultConfigurationIsVisible = 0;
			defaultConfigurationName = Release;
		};
/* End XCConfigurationList section */
	};
	rootObject = 31F65AC21C20107E00C9CC88 /* Project object */;
}
